cloud.google.com/go v0.123.0 h1:2NAUJwPR47q+E35uaJeYoNhuNEM9kM8SjgRgdeOJUSE=
cloud.google.com/go v0.123.0/go.mod h1:xBoMV08QcqUGuPW65Qfm1o9Y4zKZBpGS+7bImXLTAZU=
cloud.google.com/go/auth v0.23.2 h1:pxSCpfiji41hpzpPdMCftEUCezpgpqmmDdYiAjCKXxo=
cloud.google.com/go/auth v0.23.2/go.mod h1:4DhBRcqvtljQN3dJ57qtqbib5ZGCYE5f2crfiiC2EM0=
cloud.google.com/go/compute/metadata v0.9.0 h1:pDUj4QMoPejqq20dK0Pg2N4yG9zIkYGdBtwLoEkH9Zs=
cloud.google.com/go/compute/metadata v0.9.0/go.mod h1:E0bWwX5wTnLPedCKqk3pJmVgCBSM6qQI1yTBdEb3C10=
codeberg.org/go-fonts/dejavu v0.4.0 h1:2yn58Vkh4CFK3ipacWUAIE3XVBGNa0y1bc95Bmfx91I=
codeberg.org/go-fonts/dejavu v0.4.0/go.mod h1:abni088lmhQJvso2Lsb7azCKzwkfcnttl6tL1UTWKzg=
codeberg.org/go-latex/latex v0.3.0 h1:LKTaDHFbEC2PH1sh0sYv6PZ1pzs/g2aoeV1HItWj/bg=
codeberg.org/go-latex/latex v0.3.0/go.mod h1:8ETijTpK2bFtwRAXLXe1RZJrYxnc5pibibZfQBj+Lk4=
github.com/BurntSushi/toml v0.3.1/go.mod h1:xHWCNGjB5oqiDr8zfno3MHue2Ht5sIBksp03qcyfWMU=
github.com/BurntSushi/toml v1.6.0 h1:dRaEfpa2VI55EwlIW72hMRHdWouJeRF7TPYhI+AUQjk=
github.com/BurntSushi/toml v1.6.0/go.mod h1:ukJfTF/6rtPPRCnwkur4qwRxa8vTRFBF0uk2lLoLwho=
github.com/Tangerg/flame/runtime v0.0.0-20260923200329-a7b29b7e4362 h1:x5I1y0EvXGqC/lC1wvA1C6La/wfbCr2hjjb7TSydMFs=
github.com/Tangerg/flame/runtime v0.0.0-20260923200329-a7b29b7e4362/go.mod h1:Wtwsv9x30LwE37tqVPuEXawcqBZGQrlNJ36xoWWSMkU=
github.com/Tangerg/flame/runtime/localruntime v0.0.0-20260923200329-a7b29b7e4362 h1:OmIRdx93z1NPlVXYYHGJDs3NZSj+vDeg/ZVflDK0Tjs=
github.com/Tangerg/flame/runtime/localruntime v0.0.0-20260923200329-a7b29b7e4362/go.mod h1:XqeITG7pzIeQNDNRQQ3Jg63RVvKlXYmURgLHPPrIZ5g=
github.com/Tangerg/go-sdk v1.8.1-scope.1 h1:8V8k8aeqbEDgLlH3T4+DZnf0DM1dSOGofkAXb3dZjKM=
github.com/Tangerg/go-sdk v1.8.1-scope.1/go.mod h1:9ZBcxdycY3/8/I1dCH3Uo5rCY3Run9Y4ZmEmiQIulUw=
github.com/Tangerg/oolong/components v0.20.0 h1:EDDANV5WFVGgjF2d20b7CIsg9J1EmCXMNIldhCUN8v8=
github.com/Tangerg/oolong/components v0.20.0/go.mod h1:Gc778KhoFUmP3VmgLg8MXqyZ6bbLAiba9guPfAky9lA=
github.com/Tangerg/oolong/core v0.20.0 h1:i1N6/WiNM3+b3aMJKlTpd4mAE0N6EEwpr4n5KItXpqA=
github.com/Tangerg/oolong/core v0.20.0/go.mod h1:L8kcah6al1itVc7prEhnwDCmWCLg6BLCFnCalycc3sQ=
github.com/Tangerg/oolong/highlight v0.20.0 h1:cTtXGMTItkylDR0nCf7yCsjU2OrqEeVIrR1EZ6yliws=
github.com/Tangerg/oolong/highlight v0.20.0/go.mod h1:LTdg+E5R8XNdteilrBo7iL4QzQwHaAW0iR8BBRH30ao=
github.com/Tangerg/oolong/latex v0.20.0 h1:LtLeOWvBZ9qT/dok6xStPMwPgA1hDUFQVZIdZn1AZxQ=
github.com/Tangerg/oolong/latex v0.20.0/go.mod h1:UFuf2H4/WsVZgH13sn5E8LAFM409NbDizNWhb+l4x9E=
github.com/Tangerg/oolong/markdown v0.20.0 h1:HnYeWkh8WEC11mTcSfPsNcaFZ7U6z8eIarjSaBVJ/Go=
github.com/Tangerg/oolong/markdown v0.20.0/go.mod h1:sXdANDJHts/Poo3/pY8WtbAh5Bi/OpL2IG+ZG9CtteM=
github.com/Tangerg/oolong/mermaid v0.20.0 h1:yoG+pouykL5mVosm7G2wKBDZo7s6Dxi1cdsn1URjQ04=
github.com/Tangerg/oolong/mermaid v0.20.0/go.mod h1:eS67jTpkxiA68JwzTDH2b8FhR9I+Nce0oTsfrSzlu8M=
github.com/Tangerg/oolong/ptytest v0.20.0 h1:N1feGTUpbxfLPflBOo0gGOn+Jf5HjU5CHujWkdobCss=
github.com/Tangerg/oolong/ptytest v0.20.0/go.mod h1:p/3Vq6muH81wBvNGtZXyisybfYNitpUbkCqJzkfDbFc=
github.com/Tangerg/scope/a2a v0.36.0 h1:+63AWoEL2BFVMuJwZE4EQEdAyyCwmemhkfsE0A7TRsg=
github.com/Tangerg/scope/a2a v0.36.0/go.mod h1:riyU/gsLKXjnCyNFJ1VdnBjjrUl+urOeC2cc36XpH+E=
github.com/Tangerg/scope/agent v0.36.0 h1:j80ODHTrpcm9bqIL5J9LMkxI7RcSVonjmbwjF/hbmC4=
github.com/Tangerg/scope/agent v0.36.0/go.mod h1:DmVtvv0flUoQzF5YRtOsPWTITMLZurW/XZb5VfBWkM8=
github.com/Tangerg/scope/core v0.36.0 h1:hM80eeSobM26ohqQiWSGWG13nMeYeehEo7X03lVVzxY=
github.com/Tangerg/scope/core v0.36.0/go.mod h1:be3NHjHqR4gB5y2LahLIKKto6ASbEE6IanWwUkVoiYU=
github.com/Tangerg/scope/mcp v0.36.0 h1:5MbD2MhXqw20gzwQIUs5qeK1S7ikuH7uBsKc5jbj4iQ=
github.com/Tangerg/scope/mcp v0.36.0/go.mod h1:SojknmJU4mrbZMS70sBNSUV/J/+i/IiVLrcOEB/v518=
github.com/Tangerg/scope/models/alibaba v0.36.0 h1:iQ+bbGT+U7pL2D+KKoN3SMZcCXKERMDmWAy0Z/ZuATA=
github.com/Tangerg/scope/models/alibaba v0.36.0/go.mod h1:yNQ07NYMjgrp0KvtdZh4QF8Enz6LZm2FA2k5LWUZ6AQ=
github.com/Tangerg/scope/models/anthropic v0.36.0 h1:ZT6AMkXJAS1iL5+bUGpF5P0p0xLoPu9bxOtquAq6CKM=
github.com/Tangerg/scope/models/anthropic v0.36.0/go.mod h1:ZheT2TDJ8Ub0pheLanz/RHlzAHr4hQ4TtTWBOBhwArA=
github.com/Tangerg/scope/models/azureopenai v0.36.0 h1:IDCohxCd0LJ7a1J7WA1Dl42RJL9nC3sfi4uFql2vbo0=
github.com/Tangerg/scope/models/azureopenai v0.36.0/go.mod h1:sYUVw0A4c6751TiAucMomHLGXPRfjneEfKOhXxzDWrs=
github.com/Tangerg/scope/models/catalog v0.36.0 h1:+Yy6tFy6ZvSrGGAvbfbDgyAv4vXBrXnS1VJdeGXp1So=
github.com/Tangerg/scope/models/catalog v0.36.0/go.mod h1:jNDya6rG8SINI63ENjmb7C+ViMvN8bCrtxxrGlg6Z2k=
github.com/Tangerg/scope/models/deepseek v0.36.0 h1:q/o2NRC2u8TTfaOzaIKBxyxczQPEe1vAi5fxnf8tf/c=
github.com/Tangerg/scope/models/deepseek v0.36.0/go.mod h1:ibHBLd9/PQlSoLvS1bq8Pgae/AFuS/x+AvA6AO2iP/0=
github.com/Tangerg/scope/models/fireworks v0.36.0 h1:1228QWygA7+d8SzL98GfxWfaPHmq+5QdfLNB5OSam5E=
github.com/Tangerg/scope/models/fireworks v0.36.0/go.mod h1:gCI9jTVomwbH+4ZHMmyo5i3Ao59ZWZEqPk/aQRLzv5A=
github.com/Tangerg/scope/models/google v0.36.0 h1:T4HIKPVPg3GffZbETYkPyu+qW4NbkFnTpGXufxnL3+8=
github.com/Tangerg/scope/models/google v0.36.0/go.mod h1:mbCgvnrrsBDSJZhep2tcFmtYP7JWUl/nLOTgCYqWN+M=
github.com/Tangerg/scope/models/groq v0.36.0 h1:HuxN6VeWIb4Kj3Z0Cd+pY+FfWQ4vH1p7M8XtwCveS/s=
github.com/Tangerg/scope/models/groq v0.36.0/go.mod h1:IO92u5bD8DA8oFhQ+O2qWnhF/js7nIGq4+BhEjNfbAU=
github.com/Tangerg/scope/models/huggingface v0.36.0 h1:rqSgsEuOYHTX6KVu3R5ygH9KPMTHapEHptSH9rs738E=
github.com/Tangerg/scope/models/huggingface v0.36.0/go.mod h1:EcQWkiBsKvzRx3kL474pvRbkenC2i8OLowQl2oj+SWo=
github.com/Tangerg/scope/models/minimax v0.36.0 h1:tSUFYsx4Uduq1clh6SXMgGnsT04PNTibW8twZ4CTy14=
github.com/Tangerg/scope/models/minimax v0.36.0/go.mod h1:mO7qcsOYH/fmwMcz1jBTuP3CG5yH9XtQKWLDc54oB0w=
github.com/Tangerg/scope/models/mistral v0.36.0 h1:CMbAZBDglLoKeLdkVDdwy3dgozg1btwGJZ7LH66Vu+w=
github.com/Tangerg/scope/models/mistral v0.36.0/go.mod h1:IEQQcLEcg1ghOFBHZXA3r/ATMAyHLrFSErH6a59rJEA=
github.com/Tangerg/scope/models/moonshot v0.36.0 h1:J9nDPcxgxk+nDYaaXA8/YU1z2B2WLL+FnPBqQyym18c=
github.com/Tangerg/scope/models/moonshot v0.36.0/go.mod h1:ltPWIonR2vDww3XWi6VSIvyWV8q3diEMwg8NexJ7ZLg=
github.com/Tangerg/scope/models/openai v0.36.0 h1:6FpfKEaWhNhpy75DVkSYdYrHvUqZQAGYr7ExmQNhcss=
github.com/Tangerg/scope/models/openai v0.36.0/go.mod h1:K7M2+1tiaZ24AopzJ7vuiHn21UwZO7mKs/+FUJupZCM=
github.com/Tangerg/scope/models/openrouter v0.36.0 h1:N91PJ40AbEH2PS3OwVS0LIHHME/iB0cwJ8a0nJy+xug=
github.com/Tangerg/scope/models/openrouter v0.36.0/go.mod h1:UsYJMmT09MTikNZw3lDgqFxZLaapVg7o+aBvuSeRlZo=
github.com/Tangerg/scope/models/perplexity v0.36.0 h1:OONF5V3SU8wD2wnIY1GPzLQ1Oy7DmHgdxIuDtvpu8HE=
github.com/Tangerg/scope/models/perplexity v0.36.0/go.mod h1:u/V/7dfkTrogQWz7heJ0dtcZjNrqCYaY0P144MYuApo=
github.com/Tangerg/scope/models/protocol/anthropic v0.36.0 h1:RBq6OiX2ZJBDKbHkDGtyQe76fc8mhw3LAEe31g7iUDQ=
github.com/Tangerg/scope/models/protocol/anthropic v0.36.0/go.mod h1:NyvecLTf7dzF0xSJ6zH4h7n1LbjVANB5N0gtoDDtdWs=
github.com/Tangerg/scope/models/protocol/openai v0.36.0 h1:Ew7IJub5XswpSVH8G2kvFTsRWaRnsJl5+2OW+mCeQHY=
github.com/Tangerg/scope/models/protocol/openai v0.36.0/go.mod h1:c/FMB0Lk9GbRqTOnXu42mi6EQwKg9Vb8cl3z3KhOCxs=
github.com/Tangerg/scope/models/together v0.36.0 h1:wFbn3Pkci36A1eOMUBPifJI1jV5mGscXT58y9JZAqeQ=
github.com/Tangerg/scope/models/together v0.36.0/go.mod h1:W6brnvVV0/wGCErFn62PDXirgvd0z4oY9vyiK7XzEZ0=
github.com/Tangerg/scope/models/xai v0.36.0 h1:zO80n6eFoRWvjpi0fFg2uHwiDH5J3Dt/UdWcffYRhs4=
github.com/Tangerg/scope/models/xai v0.36.0/go.mod h1:j0zH0DNrfYVRq3p2MQYQfAPAZApEa3BAscrqavYc/Xk=
github.com/Tangerg/scope/models/xiaomi v0.36.0 h1:KLm4273sfdcRhl7iZ16mB3OVGhiJ1OOfhsHaFws38e0=
github.com/Tangerg/scope/models/xiaomi v0.36.0/go.mod h1:ukb7cqFLxmoVTtgdNCfPoSoGRvq2ojIo9v5AuHPPVRI=
github.com/Tangerg/scope/models/zhipu v0.36.0 h1:1tqZJH6Kz4GcbL7T473tdNlgnOpGa/l+Q1nA2lCQJEc=
github.com/Tangerg/scope/models/zhipu v0.36.0/go.mod h1:l0V/dlRE3PfOE22VEuQUy8yqXGumMqA1QaTd/r2/uZE=
github.com/Tangerg/scope/otel v0.33.0 h1:x6WrnABxCQDNyHvvy0pJPy/cHi4FyobOEE7pVFg/7Mk=
github.com/Tangerg/scope/otel v0.33.0/go.mod h1:DQgsx7rPjpC3u2zoEtn1G92F+kOrORjL6VaYw+NSJLg=
github.com/Tangerg/scope/skills v0.36.0 h1:t37sZw6eeDir8KGp319SF4Eov4XDUuuuKUDl8ok0lMw=
github.com/Tangerg/scope/skills v0.36.0/go.mod h1:lDUbyZP0+PnJknjHu7yCrOmtggRroPSOwuH2ar9mLwc=
github.com/Tangerg/scope/tools v0.36.0 h1:owHuzkMJA7kk8JPcXLHgY6KZcpxnqYw52ZcYAfOmLfA=
github.com/Tangerg/scope/tools v0.36.0/go.mod h1:q17P82Jo04GF5VxRKFY2+wYE6EveTPgcjBtiYpG671c=
github.com/Tangerg/sse v0.0.6 h1:8/Sf/fI6uNQzFms7VKYt02fs9p/cmOJKJl1lYdljC6I=
github.com/Tangerg/sse v0.0.6/go.mod h1:+GPL/425WlIYRig6frpXeEk7GFYgcHaadIufk6pwe0I=
github.com/a2aproject/a2a-go/v2 v2.5.0 h1:ZdcFoxv+nZTUV0i2ue5hES76YCANFPG9vjqd7vK8yWM=
github.com/a2aproject/a2a-go/v2 v2.5.0/go.mod h1:NcRp/ZHxgMzDj12/BteIC2gOjljuEBKaGRfEdJ2lNSI=
github.com/adrg/frontmatter v0.2.0 h1:/DgnNe82o03riBd1S+ZDjd43wAmC6W35q67NHeLkPd4=
github.com/adrg/frontmatter v0.2.0/go.mod h1:93rQCj3z3ZlwyxxpQioRKC1wDLto4aXHrbqIsnH9wmE=
github.com/alecthomas/assert/v2 v2.11.0 h1:2Q9r3ki8+JYXvGsDyBXwH3LcJ+WK5D0gc5E8vS6K3D0=
github.com/alecthomas/assert/v2 v2.11.0/go.mod h1:Bze95FyfUr7x34QZrjL+XP+0qgp/zg8yS+TtBj1WA3k=
github.com/alecthomas/chroma/v2 v2.27.0 h1:FodwmyOBgJULFYmDqibcp9pvfDLWdtPRh9v/r5BXYZs=
github.com/alecthomas/chroma/v2 v2.27.0/go.mod h1:NjJ3ciIgrqBNeIkWZ4e46nseoLDslxU1LmfCoL+wcY8=
github.com/alecthomas/repr v0.5.4 h1:OVP7JEcuzU9CCDsT6STCr3rg17oQfWILtPWd2EG0uN4=
github.com/alecthomas/repr v0.5.4/go.mod h1:Fr0507jx4eOXV7AlPV6AVZLYrLIuIeSOWtW57eE/O/4=
github.com/anthropics/anthropic-sdk-go v1.75.0 h1:2oajsgiYwI0Hc8E6K9GttVe6CLwZlfhdxaqFqKVUnvA=
github.com/anthropics/anthropic-sdk-go v1.75.0/go.mod h1:x+lPk/cCl48uRegeP0hlYYBN1b7bEBTveInIMgLicnY=
github.com/bahlo/generic-list-go v0.2.0 h1:5sz/EEAK+ls5wF+NeqDpk5+iNdMDXrh3z3nPnH1Wvgk=
github.com/bahlo/generic-list-go v0.2.0/go.mod h1:2KvAjgMlE5NNynlg/5iLrrCCZ2+5xWbdbCW3pNTGyYg=
github.com/bluekeyes/go-gitdiff v0.9.0 h1:w+O6lkRBOqfGcwF0Lf6FFHQrhmxM0hCJW5+rbilGuSs=
github.com/bluekeyes/go-gitdiff v0.9.0/go.mod h1:WWAk1Mc6EgWarCrPFO+xeYlujPu98VuLW3Tu+B/85AE=
github.com/bmatcuk/doublestar/v4 v4.10.2 h1:eF7W7HWKg3z9NrWV9pTLnNeoXaqq3Tq9DNKXVMfoCnw=
github.com/bmatcuk/doublestar/v4 v4.10.2/go.mod h1:xBQ8jztBU6kakFMg+8WGxn0c6z1fTSPVIjEY1Wr7jzc=
github.com/buger/jsonparser v1.6.1 h1:I0phFv0PlbLHnM7TZAVjZ2MJ2/eWRTDyuO7GLR98IEs=
github.com/buger/jsonparser v1.6.1/go.mod h1:6RYKKt7H4d4+iWqouImQ9R2FZql3VbhNgx27UK13J/0=
github.com/cespare/xxhash/v2 v2.3.0 h1:UL815xU9SqsFlibzuggzjXhog7bL6oX9BbNZnL2UFvs=
github.com/cespare/xxhash/v2 v2.3.0/go.mod h1:VGX0DQ3Q6kWi7AoAeZDth3/j3BFtOZR5XLFGgcrjCOs=
github.com/clipperhouse/uax29/v2 v2.7.0 h1:+gs4oBZ2gPfVrKPthwbMzWZDaAFPGYK72F0NJv2v7Vk=
github.com/clipperhouse/uax29/v2 v2.7.0/go.mod h1:EFJ2TJMRUaplDxHKj1qAEhCtQPW2tJSwu5BF98AuoVM=
github.com/coder/websocket v1.8.15 h1:6B2JPeOGlpff2Uz6vOEH1Vzpi0iUz20A+lPVhPHtNUA=
github.com/coder/websocket v1.8.15/go.mod h1:NX3SzP+inril6yawo5CQXx8+fk145lPDC6pumgx0mVg=
github.com/cpuguy83/go-md2man/v2 v2.0.6/go.mod h1:oOW0eioCTA6cOiMLiUPZOpcVxMig6NIQQ7OS05n1F4g=
github.com/dlclark/regexp2 v1.12.0 h1:0j4c5qQmnC6XOWNjP3PIXURXN2gWx76rd3KvgdPkCz8=
github.com/dlclark/regexp2 v1.12.0/go.mod h1:DHkYz0B9wPfa6wondMfaivmHpzrQ3v9q8cnmRbL6yW8=
github.com/dlclark/regexp2/v2 v2.8.0 h1:CekDhPLGfm+GAJmPVFIG+5dqMIQPkyHJll7BbdneDfw=
github.com/dlclark/regexp2/v2 v2.8.0/go.mod h1:avUrQvPaLz2DrFNHJF0taWAFFX2C1GMSSoeiqFjcBmU=
github.com/dnaeon/go-vcr v1.2.0 h1:zHCHvJYTMh1N7xnV7zf1m1GPBF9Ad0Jk/whtQ1663qI=
github.com/dnaeon/go-vcr v1.2.0/go.mod h1:R4UdLID7HZT3taECzJs4YgbbH6PIGXB6W/sc5OLb6RQ=
github.com/dustin/go-humanize v1.0.1 h1:GzkhY7T5VNhEkwH0PVJgjz+fX1rhBrR7pRT3mDkpeCY=
github.com/dustin/go-humanize v1.0.1/go.mod h1:Mu1zIs6XwVuF/gI1OepvI0qD18qycQx+mFykh5fBlto=
github.com/felixge/httpsnoop v1.1.0 h1:3YtUj32ZZkqZtt3sZZsClsymw/QDuVfpNhoA31zeORc=
github.com/felixge/httpsnoop v1.1.0/go.mod h1:Zqxgdd+1Rkcz8euOqdr7lqgCRJztwr5hp9vDSi5UZCE=
github.com/frankban/quicktest v1.14.6 h1:7Xjx+VpznH+oBnejlPUj8oUpdxnVs4f8XU8WnHkI4W8=
github.com/frankban/quicktest v1.14.6/go.mod h1:4ptaffx2x8+WTWXmUCuVU6aPUX1/Mz7zb5vbUoiM6w0=
github.com/fsnotify/fsnotify v1.10.1 h1:b0/UzAf9yR5rhf3RPm9gf3ehBPpf0oZKIjtpKrx59Ho=
github.com/fsnotify/fsnotify v1.10.1/go.mod h1:TLheqan6HD6GBK6PrDWyDPBaEV8LspOxvPSjC+bVfgo=
github.com/go-logr/logr v1.2.2/go.mod h1:jdQByPbusPIv2/zmleS9BjJVeZ6kBagPoEUsqbVz/1A=
github.com/go-logr/logr v1.4.4 h1:tG4xh9yMsRCAiodLVTxyrkzSZ9+o0L1Kg/+cPVcbP/8=
github.com/go-logr/logr v1.4.4/go.mod h1:9T104GzyrTigFIr8wt5mBrctHMim0Nb2HLGrmQ40KvY=
github.com/go-logr/stdr v1.2.2 h1:hSWxHoqTgW2S2qGc0LTAI563KZ5YKYRhT3MFKZMbjag=
github.com/go-logr/stdr v1.2.2/go.mod h1:mMo/vtBO5dYbehREoey6XUKy/eSumjCCveDpRre4VKE=
github.com/go-resty/resty/v2 v2.17.2 h1:FQW5oHYcIlkCNrMD2lloGScxcHJ0gkjshV3qcQAyHQk=
github.com/go-resty/resty/v2 v2.17.2/go.mod h1:kCKZ3wWmwJaNc7S29BRtUhJwy7iqmn+2mLtQrOyQlVA=
github.com/go-viper/mapstructure/v2 v2.5.0 h1:vM5IJoUAy3d7zRSVtIwQgBj7BiWtMPfmPEgAXnvj1Ro=
github.com/go-viper/mapstructure/v2 v2.5.0/go.mod h1:oJDH3BJKyqBA2TXFhDsKDGDTlndYOZ6rGS0BRZIxGhM=
github.com/golang-jwt/jwt/v5 v5.3.1 h1:kYf81DTWFe7t+1VvL7eS+jKFVWaUnK9cB1qbwn63YCY=
github.com/golang-jwt/jwt/v5 v5.3.1/go.mod h1:fxCRLWMO43lRc8nhHWY6LGqRcf+1gQWArsqaEUEa5bE=
github.com/golang/protobuf v1.5.4 h1:i7eJL8qZTpSEXOPTxNKhASYpMn+8e5Q6AdndVa1dWek=
github.com/golang/protobuf v1.5.4/go.mod h1:lnTiLA8Wa4RWRcIUkrtSVa5nRhsEGBg48fD6rSs7xps=
github.com/google/go-cmp v0.7.0 h1:wk8382ETsv4JYUZwIsn6YpYiWiBsYLSJiTsyBybVuN8=
github.com/google/go-cmp v0.7.0/go.mod h1:pXiqmnSA92OHEEa9HXL2W4E7lf9JzCmGVUdgjX3N/iU=
github.com/google/jsonschema-go v0.4.3 h1:/DBOLZTfDow7pe2GmaJNhltueGTtDKICi8V8p+DQPd0=
github.com/google/jsonschema-go v0.4.3/go.mod h1:r5quNTdLOYEz95Ru18zA0ydNbBuYoo9tgaYcxEYhJVE=
github.com/google/pprof v0.0.0-20260906184651-6331bc6350fe h1:QAinXoAFJdGQYztXn3VpFey7KCwpedbZ/EkzbplQ0cY=
github.com/google/pprof v0.0.0-20260906184651-6331bc6350fe/go.mod h1:jl5iWTm0/hd5PjEYEOuwAJ57L/CibdZfrqZ5XA5GrCk=
github.com/google/s2a-go v0.1.9 h1:LGD7gtMgezd8a/Xak7mEWL0PjoTQFvpRudN895yqKW0=
github.com/google/s2a-go v0.1.9/go.mod h1:YA0Ei2ZQL3acow2O62kdp9UlnvMmU7kA6Eutn0dXayM=
github.com/google/uuid v1.6.0 h1:NIvaJDMOsjHA8n1jAhLSgzrAzy1Hgr+hNrb57e+94F0=
github.com/google/uuid v1.6.0/go.mod h1:TIyPZe4MgqvfeYDBFedMoGGpEw/LqOeaOT+nhxU+yHo=
github.com/googleapis/enterprise-certificate-proxy v0.3.22 h1:NU4XpII6jD+Dxcot94fqjE+AfJoE/lQP9q3faYGzC/c=
github.com/googleapis/enterprise-certificate-proxy v0.3.22/go.mod h1:L3D/IQExI6LqEjBdXcZQ1WluSgigQmSwBboFstVPM4w=
github.com/googleapis/gax-go/v2 v2.24.1 h1:AtqTN21IXMMWo99LiEVAiBfNNQmO40d8xUfZI640mc0=
github.com/googleapis/gax-go/v2 v2.24.1/go.mod h1:bWeBei0NVwaNZKb2y1HUBS7gLXIF3/Tu3pq7j8D2Tb0=
github.com/gorilla/websocket v1.5.3 h1:saDtZ6Pbx/0u+bgYQ3q96pZgCzfhKXGPqt7kZ72aNNg=
github.com/gorilla/websocket v1.5.3/go.mod h1:YR8l580nyteQvAITg2hZ9XVh4b55+EU/adAjf1fMHhE=
github.com/hashicorp/golang-lru/v2 v2.0.7 h1:a+bsQ5rvGLjzHuww6tVxozPZFVghXaHOwFs4luLUK2k=
github.com/hashicorp/golang-lru/v2 v2.0.7/go.mod h1:QeFd9opnmA6QUJc5vARoKUSoFhyfM2/ZepoAG6RGpeM=
github.com/hexops/gotextdiff v1.0.3 h1:gitA9+qJrrTCsiCl7+kh75nPqQt1cx4ZkudSTLoUqJM=
github.com/hexops/gotextdiff v1.0.3/go.mod h1:pSWU5MAI3yDq+fZBTazCSJysOMbxWL1BSow5/V2vxeg=
github.com/inconshreveable/mousetrap v1.1.0 h1:wN+x4NVGpMsO7ErUn/mUI3vEoE6Jt13X2s0bqwp9tc8=
github.com/inconshreveable/mousetrap v1.1.0/go.mod h1:vpF70FUmC8bwa3OWnCshd2FqLfsEA9PFc4w1p2J65bw=
github.com/invopop/jsonschema v0.14.0 h1:MHQqLhvpNUZfw+hM3AZDYK7jxO8FZoQeQM77g8iyZjg=
github.com/invopop/jsonschema v0.14.0/go.mod h1:ygm6C2EaVNMBDPpaPlnOA2pFAxBnxGjFlMZABxm9n2I=
github.com/kr/pretty v0.3.1 h1:flRD4NNwYAUpkphVc1HcthR4KEIFJ65n8Mw5qdRn3LE=
github.com/kr/pretty v0.3.1/go.mod h1:hoEshYVHaxMs3cyo3Yncou5ZscifuDolrwPKZanG3xk=
github.com/kr/text v0.2.0 h1:5Nx0Ya0ZqY2ygV366QzturHI13Jq95ApcVaJBhpS+AY=
github.com/kr/text v0.2.0/go.mod h1:eLer722TekiGuMkidMxC/pM04lWEeraHUUmBw8l2grE=
github.com/mattn/go-isatty v0.0.24 h1:tGZZoVgT/KiqK1c8ocVLeDS8BSWMRd47J3Lbz7vsReI=
github.com/mattn/go-isatty v0.0.24/go.mod h1:nMCL3Zebbrt45jsMDgnfIwz6ydEQApk5oEI3HqDio6A=
github.com/mattn/go-runewidth v0.0.30 h1:+KUuiDA4fF0R1p5FeueHefjDm+GIM+kWfFnDjybOPgk=
github.com/mattn/go-runewidth v0.0.30/go.mod h1:3qAiGCV4Koz/yuveO58qUefmUTRm8r0IGEXZ9jeHp/8=
github.com/mattn/go-shellwords v1.0.15 h1:rx0n8+ZdM9JWZMlr2BMPAjtLU0rfluLNtwMC2FJOTtY=
github.com/mattn/go-shellwords v1.0.15/go.mod h1:EZzvwXDESEeg03EKmM+RmDnNOPKG4lLtQsUlTZDWQ8Y=
github.com/ncruces/go-strftime v1.0.0 h1:HMFp8mLCTPp341M/ZnA4qaf7ZlsbTc+miZjCLOFAw7w=
github.com/ncruces/go-strftime v1.0.0/go.mod h1:Fwc5htZGVVkseilnfgOVb9mKy6w1naJmn9CehxcKcls=
github.com/openai/openai-go/v3 v3.66.0 h1:hykUFik2rqpkKf8O2bc41OpSZuVA1lGFUu+UfjvYn1k=
github.com/openai/openai-go/v3 v3.66.0/go.mod h1:+dSPa+nbX+dNoXg1jecMnVpgRP+E/5IBA6Jiz9Pc8WM=
github.com/pb33f/ordered-map/v2 v2.3.1 h1:5319HDO0aw4DA4gzi+zv4FXU9UlSs3xGZ40wcP1nBjY=
github.com/pb33f/ordered-map/v2 v2.3.1/go.mod h1:qxFQgd0PkVUtOMCkTapqotNgzRhMPL7VvaHKbd1HnmQ=
github.com/pelletier/go-toml/v2 v2.4.3 h1:GTRvJQutkOSftxIFD5xw9aepkYNuPWmVJpffdDPYVpY=
github.com/pelletier/go-toml/v2 v2.4.3/go.mod h1:2gIqNv+qfxSVS7cM2xJQKtLSTLUE9V8t9Stt+h56mCY=
github.com/remyoudompheng/bigfft v0.0.0-20230129092748-24d4a6f8daec h1:W09IVJc94icq4NjY3clb7Lk8O1qJ8BdBEF8z0ibU0rE=
github.com/remyoudompheng/bigfft v0.0.0-20230129092748-24d4a6f8daec/go.mod h1:qqbHyh8v60DhA7CoWK5oRCqLrMHRGoxYCSS9EjAz6Eo=
github.com/rivo/uniseg v0.4.7 h1:WUdvkW8uEhrYfLC4ZzdpI2ztxP1I582+49Oc5Mq64VQ=
github.com/rivo/uniseg v0.4.7/go.mod h1:FN3SvrM+Zdj16jyLfmOkMNblXMcoc8DfTHruCPUcx88=
github.com/robfig/cron/v3 v3.0.1 h1:WdRxkvbJztn8LMz/QEvLN5sBU+xKpSqwwUO1Pjr4qDs=
github.com/robfig/cron/v3 v3.0.1/go.mod h1:eQICP3HwyT7UooqI/z+Ov+PtYAWygg1TEWWzGIFLtro=
github.com/rogpeppe/go-internal v1.16.0 h1:O9DK+vNMDVGLr2BeZqmpLeMjiMNkuXfcqntWbZV6S5g=
github.com/rogpeppe/go-internal v1.16.0/go.mod h1:DrUVZyrJU+txYW5/1kwtXQSMFio52ZOxX7yM1VHvnxs=
github.com/russross/blackfriday/v2 v2.1.0/go.mod h1:+Rmxgy9KzJVeS9/2gXHxylqXiyQDYRxCVz55jmeOWTM=
github.com/sagikazarmark/locafero v0.12.0 h1:/NQhBAkUb4+fH1jivKHWusDYFjMOOKU88eegjfxfHb4=
github.com/sagikazarmark/locafero v0.12.0/go.mod h1:sZh36u/YSZ918v0Io+U9ogLYQJ9tLLBmM4eneO6WwsI=
github.com/samber/lo v1.53.0 h1:t975lj2py4kJPQ6haz1QMgtId2gtmfktACxIXArw3HM=
github.com/samber/lo v1.53.0/go.mod h1:4+MXEGsJzbKGaUEQFKBq2xtfuznW9oz/WrgyzMzRoM0=
github.com/santhosh-tekuri/jsonschema/v6 v6.0.3 h1:1EYB5IzjZawrrnELUi78f9fPu57HuXjmddZPjrls/28=
github.com/santhosh-tekuri/jsonschema/v6 v6.0.3/go.mod h1:JXeL+ps8p7/KNMjDQk3TCwPpBy0wYklyWTfbkIzdIFU=
github.com/segmentio/asm v1.2.1 h1:DTNbBqs57ioxAD4PrArqftgypG4/qNpXoJx8TVXxPR0=
github.com/segmentio/asm v1.2.1/go.mod h1:BqMnlJP91P8d+4ibuonYZw9mfnzI9HfxselHZr5aAcs=
github.com/segmentio/encoding v0.5.4 h1:OW1VRern8Nw6ITAtwSZ7Idrl3MXCFwXHPgqESYfvNt0=
github.com/segmentio/encoding v0.5.4/go.mod h1:HS1ZKa3kSN32ZHVZ7ZLPLXWvOVIiZtyJnO1gPH1sKt0=
github.com/sourcegraph/jsonrpc2 v0.2.3 h1:0VYp5WZ2irQvRK8OKKxZAbbplj6Pmda07MXm+Mdz3GQ=
github.com/sourcegraph/jsonrpc2 v0.2.3/go.mod h1:0jBvyko0tdLpe6ntNSF/mvFalb/RPRXcmogoV47cEWc=
github.com/spf13/afero v1.15.0 h1:b/YBCLWAJdFWJTN9cLhiXXcD7mzKn9Dm86dNnfyQw1I=
github.com/spf13/afero v1.15.0/go.mod h1:NC2ByUVxtQs4b3sIUphxK0NioZnmxgyCrfzeuq8lxMg=
github.com/spf13/cast v1.10.0 h1:h2x0u2shc1QuLHfxi+cTJvs30+ZAHOGRic8uyGTDWxY=
github.com/spf13/cast v1.10.0/go.mod h1:jNfB8QC9IA6ZuY2ZjDp0KtFO2LZZlg4S/7bzP6qqeHo=
github.com/spf13/cobra v1.10.2 h1:DMTTonx5m65Ic0GOoRY2c16WCbHxOOw6xxezuLaBpcU=
github.com/spf13/cobra v1.10.2/go.mod h1:7C1pvHqHw5A4vrJfjNwvOdzYu0Gml16OCs2GRiTUUS4=
github.com/spf13/fileflow v0.1.0 h1:Mg6q16Sdderp19ki/4TQNb6MeA/fA1vnwixmzIVm0bE=
github.com/spf13/fileflow v0.1.0/go.mod h1:Nw39c9r4kkqJAP5dcoXjhBkWugFuFb8s00V3+MBddmo=
github.com/spf13/pathologize v1.1.0 h1:ByNoCEj7iPpZeZ2dUv52ky5TnfJv5IpNLilpaiAAW3I=
github.com/spf13/pathologize v1.1.0/go.mod h1:CwE+2y5kdp5EBv1kxhXujQo2SrY0s+rYAM02KluGFEs=
github.com/spf13/pflag v1.0.9/go.mod h1:McXfInJRrz4CZXVZOBLb0bTZqETkiAhM9Iw0y3An2Bg=
github.com/spf13/pflag v1.0.10 h1:4EBh2KAYBwaONj6b2Ye1GiHfwjqyROoF4RwYO+vPwFk=
github.com/spf13/pflag v1.0.10/go.mod h1:McXfInJRrz4CZXVZOBLb0bTZqETkiAhM9Iw0y3An2Bg=
github.com/spf13/viper v1.21.0 h1:x5S+0EU27Lbphp4UKm1C+1oQO+rKx36vfCoaVebLFSU=
github.com/spf13/viper v1.21.0/go.mod h1:P0lhsswPGWD/1lZJ9ny3fYnVqxiegrlNrEmgLjbTCAY=
github.com/standard-webhooks/standard-webhooks/libraries v0.0.1 h1:uOfcYT+3QungH6tIGSVCR/Y3KJmgJiHcojJbMTPDZAI=
github.com/standard-webhooks/standard-webhooks/libraries v0.0.1/go.mod h1:L1MQhA6x4dn9r007T033lsaZMv9EmBAdXyU/+EF40fo=
github.com/stretchr/testify v1.12.1 h1:EuwCh5fleGS7H32xRwO3wRGT7DxrDhLAT6FF8MpWDWE=
github.com/stretchr/testify v1.12.1/go.mod h1:MDEgiDPPsNp5cuIrHPPCyornHKgEVbtFUmoNlxoYthg=
github.com/subosito/gotenv v1.6.0 h1:9NlTDc1FTs4qu0DDq7AEtTPNw6SVm7uBMsUCUjABIf8=
github.com/subosito/gotenv v1.6.0/go.mod h1:Dk4QP5c2W3ibzajGcXpNraDfq2IrhjMIvMSWPKKo0FU=
github.com/tidwall/gjson v1.14.2/go.mod h1:/wbyibRr2FHMks5tjHJ5F8dMZh3AcwJEMf5vlfC0lxk=
github.com/tidwall/gjson v1.19.0 h1:xwxm7n691Uf3u5OFjzngavjGTh55KX5q/9w9xHW88JU=
github.com/tidwall/gjson v1.19.0/go.mod h1:V37/opeE/JbLUOfH0QTXiNez2l0RUjYUhpT4szFQAfc=
github.com/tidwall/match v1.1.1/go.mod h1:eRSPERbgtNPcGhD8UCthc6PmLEQXEWd3PRB5JTxsfmM=
github.com/tidwall/match v1.2.0 h1:0pt8FlkOwjN2fPt4bIl4BoNxb98gGHN2ObFEDkrfZnM=
github.com/tidwall/match v1.2.0/go.mod h1:eRSPERbgtNPcGhD8UCthc6PmLEQXEWd3PRB5JTxsfmM=
github.com/tidwall/pretty v1.2.0/go.mod h1:ITEVvHYasfjBbM0u2Pg8T2nJnzm8xPwvNhhsoaGGjNU=
github.com/tidwall/pretty v1.2.1 h1:qjsOFOWWQl+N3RsoF5/ssm1pHmJJwhjlSbZ51I6wMl4=
github.com/tidwall/pretty v1.2.1/go.mod h1:ITEVvHYasfjBbM0u2Pg8T2nJnzm8xPwvNhhsoaGGjNU=
github.com/tidwall/sjson v1.2.5 h1:kLy8mja+1c9jlljvWTlSazM7cKDRfJuR/bOJhcY5NcY=
github.com/tidwall/sjson v1.2.5/go.mod h1:Fvgq9kS/6ociJEDnK0Fk1cpYF4FIW6ZF7LAe+6jwd28=
github.com/yosida95/uritemplate/v3 v3.0.2 h1:Ed3Oyj9yrmi9087+NczuL5BwkIc4wvTb5zIM+UJPGz4=
github.com/yosida95/uritemplate/v3 v3.0.2/go.mod h1:ILOh0sOhIJR3+L/8afwt/kE++YT040gmv5BQTMR2HP4=
github.com/yuin/goldmark v1.8.6 h1:d0VcaP1sx9GkFVkoW+KtggpGi2KZ965i14b0+bDQST4=
github.com/yuin/goldmark v1.8.6/go.mod h1:ip/1k0VRfGynBgxOz0yCqHrbZXhcjxyuS66Brc7iBKg=
go.opentelemetry.io/auto/sdk v1.2.1 h1:jXsnJ4Lmnqd11kwkBV2LgLoFMZKizbCi5fNZ/ipaZ64=
go.opentelemetry.io/auto/sdk v1.2.1/go.mod h1:KRTj+aOaElaLi+wW1kO/DZRXwkF4C5xPbEe3ZiIhN7Y=
go.opentelemetry.io/contrib/instrumentation/net/http/otelhttp v0.71.0 h1:3g7B90UzBltIDKq1/5mrTGxTnOFDV0ICOhLoxiZ8jlg=
go.opentelemetry.io/contrib/instrumentation/net/http/otelhttp v0.71.0/go.mod h1:Ef8SuTh59BT7+ofpDxN9z+yOlc4t2GjLmKDgYNJL/NU=
go.opentelemetry.io/otel v1.46.0 h1:FHt5/CDyVxi/8IM1CH7VE/rRgq3kLHa2mSTVMO8AWyc=
go.opentelemetry.io/otel v1.46.0/go.mod h1:Gj3SEScelsNC45tp4nSxRYlS+f5iez7W8XPMCt905kE=
go.opentelemetry.io/otel/log v0.22.0 h1:5DBNnfvaJ6CVdkJ+Jle8Tzs50aSSv49TXGj9XRsEYw0=
go.opentelemetry.io/otel/log v0.22.0/go.mod h1:gzOt/R67vF2GniAqWu8Qv0SXy89f71muHcrkz76PCdc=
go.opentelemetry.io/otel/metric v1.46.0 h1:yBnkXvgV7AXFILZc5K6IZe/CBFF3OS7BJ8ov6/lj0K8=
go.opentelemetry.io/otel/metric v1.46.0/go.mod h1:iPmdWqifKUdzziPkvvzIJXITl56fQx2mGM/DHLB3/2o=
go.opentelemetry.io/otel/sdk v1.46.0 h1:h5CNQQjEbuQXY/JfZtgt3i7HVFV3aHPO2OAwO2eTYPI=
go.opentelemetry.io/otel/sdk v1.46.0/go.mod h1:GAERFXFt5SYCEB+YiKUbMBeza6UaDH7GmGOZEfh2gSM=
go.opentelemetry.io/otel/sdk/metric v1.46.0 h1:0piZ26EG4RBfebb2jhDH6ERCYHoVWduc3kLgPCwSnSE=
go.opentelemetry.io/otel/sdk/metric v1.46.0/go.mod h1:I1PbKrdVc8Qu8HYVDNtqVIwLwjNrhsV/uFuxfwg8mO4=
go.opentelemetry.io/otel/trace v1.46.0 h1:OULy7ccdJnZtJ0UDYFOIGaCmiWzJ8Vi2G/Rsu60qs1c=
go.opentelemetry.io/otel/trace v1.46.0/go.mod h1:J7GAXweO77XSFkB/rmAqk9D6ihszhFjLU+d9WuUxDLI=
go.uber.org/goleak v1.3.0 h1:2K3zAYmnTNqV73imy9J1T3WC+gmCePx2hEGkimedGto=
go.uber.org/goleak v1.3.0/go.mod h1:CoHD4mav9JJNrW/WLlf7HGZPjdw8EucARQHekz1X6bE=
go.yaml.in/yaml/v3 v3.0.4/go.mod h1:DhzuOOF2ATzADvBadXxruRBLzYTpT36CKvDb3+aBEFg=
go.yaml.in/yaml/v3 v3.0.5 h1:N6y/pJk8buWs9NY5ERU2HSMfm+IuD/OtfdAnq6kESPw=
go.yaml.in/yaml/v3 v3.0.5/go.mod h1:HVTZu1O7/Vkt2N+BFy8Zza+lnLsABggaTM2ZpNIGuKg=
go.yaml.in/yaml/v4 v4.0.0-rc.6 h1:1h7H1ohdUh93/FyE4YaDa1Zh64K6VVbjF4K6WUxMtH4=
go.yaml.in/yaml/v4 v4.0.0-rc.6/go.mod h1:aZqd9kCMsGL7AuUv/m/PvWLdg5sjJsZ4oHDEnfPPfY0=
golang.org/x/crypto v0.57.0 h1:3ZVCjf8Ggz7zneR/EHRVx68Ctf+2pmIMP2UFhh9cC6M=
golang.org/x/crypto v0.57.0/go.mod h1:Fdz0i5U6CoizGwLda9DttjSk6qlZo25zYNtR+ycvuZA=
golang.org/x/image v0.46.0 h1:b1+oYj0Jbp6K5MDT4i4/eZpYlk3V8SJhhDKh6LBHAyQ=
golang.org/x/image v0.46.0/go.mod h1:3B3W05VGVQyuXucLINLjXKrqISASfi4Xj+iCVkLMwew=
golang.org/x/mod v0.41.0 h1:qJmnOUb4YB+FsEuM3HcWucdZASCPGhsX6uljO6pog0c=
golang.org/x/mod v0.41.0/go.mod h1:Ek9pY8RKWXwsWvd3rQiHYtMqkjSUV+s1Rj7j4H5Ur6o=
golang.org/x/net v0.59.0 h1:5zfYln+w5XCxwrnMMJPufRgNoXEaGxl0wo5GqPXyues=
golang.org/x/net v0.59.0/go.mod h1:2DA/G1UfVbCpQPeWTmMPGY7Cs2PkBkwu743bVX5PIVg=
golang.org/x/oauth2 v0.37.0 h1:JUlcxA8oAtauLfiH8FX2/FkAWHAdi0QtGCGc+hofE98=
golang.org/x/oauth2 v0.37.0/go.mod h1:IxwZNxUULJmpBFf9K/9NTMSIfZZuvuTy1gGxhigP/58=
golang.org/x/sync v0.23.0 h1:KameEIfc1IkluZyXWLn39Wd4tURc6GbCiISGiZm2bQk=
golang.org/x/sync v0.23.0/go.mod h1:sUUOizhqBxiL6pEWpqNLUiaJn1ShEbZ6BBqskPbjZm0=
golang.org/x/sys v0.48.0 h1:bbX/i/6MgT9BVLM9RT1thmxL04yeTAhbEz4SyadbXoo=
golang.org/x/sys v0.48.0/go.mod h1:hNLxWAXmnKAxqDtdwIYC4bM9oQPEecfsnNMuSxOs3og=
golang.org/x/term v0.46.0 h1:3+OXuTbaKDgwk8jTi3aSLHRlmWqHEUDUtxnbFigO4YE=
golang.org/x/term v0.46.0/go.mod h1:+K02xbkittuwc0Am4abfA3Fc+XRGXkvBXNO88NCXPoc=
golang.org/x/text v0.42.0 h1:JbOZXgfeCPU9gacVtYliJqOhD+zhrEqK4LfdpmlUZqI=
golang.org/x/text v0.42.0/go.mod h1:ojzP1Z+2QtioaF8DTtO8K5q7JWVVYwZKenzujK0Zd0E=
golang.org/x/time v0.16.0 h1:vMb6ptszcQMkcwiRTAuNNU50gom6++Q/6gY2hDM6VDE=
golang.org/x/time v0.16.0/go.mod h1:rVKOqvZeKvrDKTQiAHJ7wmwP0RzleSphoEA9RcdLA0s=
golang.org/x/tools v0.50.0 h1:c2ifzfcuY7L90lZ2aKd8S4K2NpASF08SZx9ZuJkHmSU=
golang.org/x/tools v0.50.0/go.mod h1:7ulVMw3831Mwi5EZD6RomGyffr4VFjuNYXf2BbCEAV0=
gonum.org/v1/gonum v0.17.0 h1:VbpOemQlsSMrYmn7T2OUvQ4dqxQXU+ouZFQsZOx50z4=
gonum.org/v1/gonum v0.17.0/go.mod h1:El3tOrEuMpv2UdMrbNlKEh9vd86bmQ6vqIcDwxEOc1E=
google.golang.org/api v0.297.0 h1:WktxTsnnx0yZNnsR6j0q6hR21RnnK81FHTOPy/ux4OE=
google.golang.org/api v0.297.0/go.mod h1:S4m8x0M6OkQpkOzGk1y9JG2sm4fFQrMh6dxzjCTszhE=
google.golang.org/genai v1.71.0 h1:Wfo9n0uSzMhZH7d+rP7QxxSWELEDSD4z6O8W/C9s3oM=
google.golang.org/genai v1.71.0/go.mod h1:mDdPDFXo1Ats7f1WXVyZgWb/CkMzFWTWJruIMy7hGIU=
google.golang.org/genproto v0.0.0-20260911204522-f61a6ca850bd h1:s/EXdxMDrmT++u0VepJKO4U6dzOPJVRdHKmrazC1Qxg=
google.golang.org/genproto v0.0.0-20260911204522-f61a6ca850bd/go.mod h1:JfZ1Hyx5mAJgX/ip0vEicmPvzE6rIrbacB7rHMfjD7Q=
google.golang.org/genproto/googleapis/api v0.0.0-20260908043556-f8649ddbbfe6 h1:O4Tjo2vlGeGM3+tNgwJrGj5fQHO2V71gDkFqbm328C8=
google.golang.org/genproto/googleapis/api v0.0.0-20260908043556-f8649ddbbfe6/go.mod h1:r4KD2hOq82JBWpTWkJ9NZLf6EwmRvAPIFmk7hPNtd+0=
google.golang.org/genproto/googleapis/rpc v0.0.0-20260911204522-f61a6ca850bd h1:29LZPNIJg+GEmJwZXruJJRwqy/wnWAYZXDtROToV/aQ=
google.golang.org/genproto/googleapis/rpc v0.0.0-20260911204522-f61a6ca850bd/go.mod h1:DjtHYE8FKJLivXcBEjGwndXfIC23G0VpXiXKqG179uA=
google.golang.org/grpc v1.83.2 h1:EManeRomTObA0BU7I8vXgg/78uE5MJ9M8B39EX2WscU=
google.golang.org/grpc v1.83.2/go.mod h1:YPI1hK3kDked6iHvgX3tR0y+nX/qpMFKhPgFsokw1S8=
google.golang.org/protobuf v1.36.12 h1:pJOKDDOyeXErUroCihFAd5LQuwXBSpVnKGrj5o/fwxc=
google.golang.org/protobuf v1.36.12/go.mod h1:HTf+CrKn2C3g5S8VImy6tdcUvCska2kB7j23XfzDpco=
gopkg.in/check.v1 v0.0.0-20161208181325-20d25e280405/go.mod h1:Co6ibVJAznAaIkqp8huTwlJQCZ016jof/cbN4VW5Yz0=
gopkg.in/check.v1 v1.0.0-20201130134442-10cb98267c6c h1:Hei/4ADfdWqJk1ZMxUNpqntNwaWcugrBjAiHlqqRiVk=
gopkg.in/check.v1 v1.0.0-20201130134442-10cb98267c6c/go.mod h1:JHkPIbrfpd72SG/EVd6muEfDQjcINNoR0C8j2r3qZ4Q=
gopkg.in/yaml.v2 v2.3.0/go.mod h1:hI93XBmqTisBFMUTm0b8Fm+jr3Dg1NNxqwp+5A1VGuI=
gopkg.in/yaml.v2 v2.4.0 h1:D8xgwECY7CYvx+Y2n4sBz93Jn9JRvxdiyyo8CTfuKaY=
gopkg.in/yaml.v2 v2.4.0/go.mod h1:RDklbk79AGWmwhnvt/jBztapEOGDOx6ZbXqjP6csGnQ=
gopkg.in/yaml.v3 v3.0.1 h1:fxVm/GzAzEWqLHuvctI91KS9hhNmmWOoWu0XTYJS7CA=
gopkg.in/yaml.v3 v3.0.1/go.mod h1:K4uyk7z7BCEPqu6E+C64Yfv1cQ7kz7rIZviUmN+EgEM=
modernc.org/cc/v4 v4.29.2 h1:h6+9ciCnPKutf4I03CvheAvDLX7+IHlqR6Iy6J+cgd8=
modernc.org/cc/v4 v4.29.2/go.mod h1:OnovgIhbbMXMu1aISnJ0wvVD1KnW+cAUJkIrAWh+kVI=
modernc.org/ccgo/v4 v4.35.0 h1:F+TUsmw09QxLzmi3aeYYGxjAXarmZaKgj3mKQHNaA8w=
modernc.org/ccgo/v4 v4.35.0/go.mod h1:qrVGs9S3Sr2Ztcg9ve+kTAYMp5a3YvWjo+SoN06kJ5I=
modernc.org/fileutil v1.4.0 h1:j6ZzNTftVS054gi281TyLjHPp6CPHr2KCxEXjEbD6SM=
modernc.org/fileutil v1.4.0/go.mod h1:EqdKFDxiByqxLk8ozOxObDSfcVOv/54xDs/DUHdvCUU=
modernc.org/gc/v2 v2.6.5 h1:nyqdV8q46KvTpZlsw66kWqwXRHdjIlJOhG6kxiV/9xI=
modernc.org/gc/v2 v2.6.5/go.mod h1:YgIahr1ypgfe7chRuJi2gD7DBQiKSLMPgBQe9oIiito=
modernc.org/gc/v3 v3.1.5 h1:21ldfPfRYE31Tb7B3mwAK8gy1AxP4+dKjrOQPfqakoc=
modernc.org/gc/v3 v3.1.5/go.mod h1:HFK/6AGESC7Ex+EZJhJ2Gni6cTaYpSMmU/cT9RmlfYY=
modernc.org/goabi0 v0.2.0 h1:HvEowk7LxcPd0eq6mVOAEMai46V+i7Jrj13t4AzuNks=
modernc.org/goabi0 v0.2.0/go.mod h1:CEFRnnJhKvWT1c1JTI3Avm+tgOWbkOu5oPA8eH8LnMI=
modernc.org/libc v1.75.7 h1:o3DTP9/0p9pKmY2WCKQaySW6wIiZhNM7wc2lUoyhfew=
modernc.org/libc v1.75.7/go.mod h1:bO5o2ztHxBb2rjz0PgdHN0sSMw57CgxGFLZ3Qd/QpVQ=
modernc.org/mathutil v1.7.1 h1:GCZVGXdaN8gTqB1Mf/usp1Y/hSqgI2vAGGP4jZMCxOU=
modernc.org/mathutil v1.7.1/go.mod h1:4p5IwJITfppl0G4sUEDtCr4DthTaT47/N3aT6MhfgJg=
modernc.org/memory v1.12.1 h1:nFMiWrpStgZczNl6XI9GnIk/rWhYIyHGUaR04pGbp9g=
modernc.org/memory v1.12.1/go.mod h1:/JP4VbVC+K5sU2wZi9bHoq2MAkCnrt2r98UGeSK7Mjw=
modernc.org/opt v0.2.0 h1:tGyef5ApycA7FSEOMraay9SaTk5zmbx7Tu+cJs4QKZg=
modernc.org/opt v0.2.0/go.mod h1:03fq9lsNfvkYSfxrfUhZCWPk1lm4cq4N+Bh//bEtgns=
modernc.org/sortutil v1.2.1 h1:+xyoGf15mM3NMlPDnFqrteY07klSFxLElE2PVuWIJ7w=
modernc.org/sortutil v1.2.1/go.mod h1:7ZI3a3REbai7gzCLcotuw9AC4VZVpYMjDzETGsSMqJE=
modernc.org/sqlite v1.58.0 h1:38u40/bwkfM7f0Myhosl+SEMltSDxnGdQf8o6Kjmys0=
modernc.org/sqlite v1.58.0/go.mod h1:rsD2CckafgObKC4DhBlGBf+RiHxkc3hINGt1Xw32tVY=
modernc.org/strutil v1.2.1 h1:UneZBkQA+DX2Rp35KcM69cSsNES9ly8mQWD71HKlOA0=
modernc.org/strutil v1.2.1/go.mod h1:EHkiggD70koQxjVdSBM3JKM7k6L0FbGE5eymy9i3B9A=
modernc.org/token v1.1.0 h1:Xl7Ap9dKaEs5kLoOQeQmPWevfnk/DM5qcLcYlA8ys6Y=
modernc.org/token v1.1.0/go.mod h1:UGzOrNV1mAFSEB63lOFHIpNRUVMvYTc6yu1SMY/XTDM=
