cloud.google.com/go v0.123.0 h1:2NAUJwPR47q+E35uaJeYoNhuNEM9kM8SjgRgdeOJUSE=
cloud.google.com/go v0.123.0/go.mod h1:xBoMV08QcqUGuPW65Qfm1o9Y4zKZBpGS+7bImXLTAZU=
cloud.google.com/go/auth v0.24.1-0.20261001053825-dbc26066f70a h1:jW1ZLFy9oa5ai8LOI40z6s+DL1cO/L1KSm9hVGnibn8=
cloud.google.com/go/auth v0.24.1-0.20261001053825-dbc26066f70a/go.mod h1:1dmBXa9xfBvBr39ZnDUDkaaA91ccq9CcqENDgJA4d7c=
cloud.google.com/go/compute/metadata v0.10.0 h1:pyKMUQSwchgkIBBJGdILqQbs/BNJXqwSA7Ej6LAvvtY=
cloud.google.com/go/compute/metadata v0.10.0/go.mod h1:rGFHRrIif570kSibjFTMbt6/4/tzgJWFGI/HVol4GIk=
codeberg.org/go-fonts/dejavu v0.4.0 h1:2yn58Vkh4CFK3ipacWUAIE3XVBGNa0y1bc95Bmfx91I=
codeberg.org/go-fonts/dejavu v0.4.0/go.mod h1:abni088lmhQJvso2Lsb7azCKzwkfcnttl6tL1UTWKzg=
codeberg.org/go-latex/latex v0.3.0 h1:LKTaDHFbEC2PH1sh0sYv6PZ1pzs/g2aoeV1HItWj/bg=
codeberg.org/go-latex/latex v0.3.0/go.mod h1:8ETijTpK2bFtwRAXLXe1RZJrYxnc5pibibZfQBj+Lk4=
github.com/BurntSushi/toml v0.3.1/go.mod h1:xHWCNGjB5oqiDr8zfno3MHue2Ht5sIBksp03qcyfWMU=
github.com/BurntSushi/toml v1.6.0 h1:dRaEfpa2VI55EwlIW72hMRHdWouJeRF7TPYhI+AUQjk=
github.com/BurntSushi/toml v1.6.0/go.mod h1:ukJfTF/6rtPPRCnwkur4qwRxa8vTRFBF0uk2lLoLwho=
github.com/Tangerg/flame/runtime v0.0.0-20261008063147-97d0c5c7e56e h1:irYC9LA3y3E0L7oM3gkBvCfCnD8F0/+iVY/NYxpER7E=
github.com/Tangerg/flame/runtime v0.0.0-20261008063147-97d0c5c7e56e/go.mod h1:AwUe4V7z49ajSFI7vJRjie/2IZu50S/WX1XDbXyUrZc=
github.com/Tangerg/flame/runtime/localruntime v0.0.0-20261008063147-97d0c5c7e56e h1:SssMRU6E2bEmiOeRkhuLMIqc5LEjQU31hPODvq4QJ00=
github.com/Tangerg/flame/runtime/localruntime v0.0.0-20261008063147-97d0c5c7e56e/go.mod h1:XqeITG7pzIeQNDNRQQ3Jg63RVvKlXYmURgLHPPrIZ5g=
github.com/Tangerg/go-sdk v1.8.1-scope.1 h1:8V8k8aeqbEDgLlH3T4+DZnf0DM1dSOGofkAXb3dZjKM=
github.com/Tangerg/go-sdk v1.8.1-scope.1/go.mod h1:9ZBcxdycY3/8/I1dCH3Uo5rCY3Run9Y4ZmEmiQIulUw=
github.com/Tangerg/oolong/components v0.21.0 h1:x/sdZjMm0ZmrZ8iuW4nTbjpDFOh9TFmk7VZRQnp4wK0=
github.com/Tangerg/oolong/components v0.21.0/go.mod h1:aBTMBAWKqt8eCH9JiR9MVWUOzijq9UbLDvYwqvKT+qA=
github.com/Tangerg/oolong/core v0.21.0 h1:Z5tR9vPcp1htaZYuhLbtmD0j9QGrQcsyZeL5xKOFGiM=
github.com/Tangerg/oolong/core v0.21.0/go.mod h1:L8kcah6al1itVc7prEhnwDCmWCLg6BLCFnCalycc3sQ=
github.com/Tangerg/oolong/highlight v0.21.0 h1:q6/glJZqOpRX4uipd+9EN6lr0YEQ6Ce61vMc54ipWZo=
github.com/Tangerg/oolong/highlight v0.21.0/go.mod h1:2SX+byyyNnbpI0b53VmwaQCVwEn4xtj7k60jcoyI714=
github.com/Tangerg/oolong/latex v0.21.0 h1:AaY83z3e5a43v/9mq63NqgV2Qz8idL1Gj/Y8gs61TwU=
github.com/Tangerg/oolong/latex v0.21.0/go.mod h1:m51B+NJB7CWHh20Atavei6Lhewfrqotf20dNGB53FoI=
github.com/Tangerg/oolong/markdown v0.21.0 h1:epAGr4Y4kwVwQ3IQHGoa5bBC5JRMLw00594uHUJNw1A=
github.com/Tangerg/oolong/markdown v0.21.0/go.mod h1:dnzJ1+0UnzSiLio+Ra07CFPG2F+FU455tq1A424CPXo=
github.com/Tangerg/oolong/mermaid v0.21.0 h1:aFv78VWNKyUpYRS0/QTxeXmtlfwwZKGkQaSc43JljDM=
github.com/Tangerg/oolong/mermaid v0.21.0/go.mod h1:eS67jTpkxiA68JwzTDH2b8FhR9I+Nce0oTsfrSzlu8M=
github.com/Tangerg/oolong/ptytest v0.21.0 h1:+2T7lo9fxx3i8OEfKPGqr2ECGquogJmN7PDvGTeQBvo=
github.com/Tangerg/oolong/ptytest v0.21.0/go.mod h1:bCBul/VnGhE0mLBfBtFZdGJoo6oSx90dovTXEH0Pe80=
github.com/Tangerg/scope/a2a v0.44.0 h1:7MHBGOLkXF8zSSIcUw7uyR2rF5NqCjumTW32rDhmxPM=
github.com/Tangerg/scope/a2a v0.44.0/go.mod h1:13pg+lOqdDvohXBG0gLsPb869nG1JyyqTcXCL3vqL40=
github.com/Tangerg/scope/agent v0.44.0 h1:2V/Wgs9RafTe3w4+OD1B2ohucVix5WO8g79mqh/vZFU=
github.com/Tangerg/scope/agent v0.44.0/go.mod h1:v1qME8S+O6J1rGMCpB5zUfLlxGh1MhbY+HVHPZtPbCA=
github.com/Tangerg/scope/core v0.44.0 h1:F2r8ASDSxx7/8o0+Bqko4EWRNX37+s+fkIMw2lMuI78=
github.com/Tangerg/scope/core v0.44.0/go.mod h1:be3NHjHqR4gB5y2LahLIKKto6ASbEE6IanWwUkVoiYU=
github.com/Tangerg/scope/mcp v0.44.0 h1:0LrWCN43kPGqcQxUSWv/RjzgvdxlE9XEh5nO+GrRjKE=
github.com/Tangerg/scope/mcp v0.44.0/go.mod h1:zxypypCtwQ0JGgGPrlYQhtsr8ouHYzIbX51SG1TAqjo=
github.com/Tangerg/scope/models/alibaba v0.44.0 h1:8ox+l9eOqIHNIGDbM515U1S4xT30QFSqeHWKetGVFhU=
github.com/Tangerg/scope/models/alibaba v0.44.0/go.mod h1:HRENm+USleiHeNqFHY3ovvM0DK/KHSVGu5oUrjEsRKw=
github.com/Tangerg/scope/models/anthropic v0.44.0 h1:Uuvq25Dl2pthCvgPHWI1Q+MsW85R4iiRhy15h21ifSM=
github.com/Tangerg/scope/models/anthropic v0.44.0/go.mod h1:7nxOYVUyM0C9CYZ0MZQ5ZVANmL7akMIfmdy+woHpzaE=
github.com/Tangerg/scope/models/azureopenai v0.44.0 h1:y06cJtD4Odfx/edbMyH9TaCa+rw/fqyAU95PN/Jfc60=
github.com/Tangerg/scope/models/azureopenai v0.44.0/go.mod h1:wNr1hBoZl9lC1quqO89OqjNcRJoiYgqJvLqhujWhzBc=
github.com/Tangerg/scope/models/catalog v0.44.0 h1:tYbwDtED9pyjmeWimSPFo790we79GP6pnckvT+uNqVw=
github.com/Tangerg/scope/models/catalog v0.44.0/go.mod h1:jNDya6rG8SINI63ENjmb7C+ViMvN8bCrtxxrGlg6Z2k=
github.com/Tangerg/scope/models/deepseek v0.44.0 h1:WlWEQJm/z+iKnYTRZ90BcWYc8Q4Xxv6jFA2XnrsU+ls=
github.com/Tangerg/scope/models/deepseek v0.44.0/go.mod h1:xCpLCscI6rVQaU+Vp/UTtesaoBBRc5ox7IcmCpKU1BE=
github.com/Tangerg/scope/models/fireworks v0.44.0 h1:KFXXJ1hPrm9YpygaBHK3j26qMRH1VRD+QPfW/H7MRTU=
github.com/Tangerg/scope/models/fireworks v0.44.0/go.mod h1:HgUUxmdm9bF0NytENM5WdlnzOPJz7kO1YOpVgUXFKIw=
github.com/Tangerg/scope/models/google v0.44.0 h1:kx7n5mhmOPn2Z5MxVOuegB/en+TJsImVYha0sLBI8xM=
github.com/Tangerg/scope/models/google v0.44.0/go.mod h1:ZpSEGbrwE9yiSvRhxAyv5T3VbvMr22xJQ32LLi1bzPA=
github.com/Tangerg/scope/models/groq v0.44.0 h1:kjTQuaIS0w4FPzpdIVsVmv4ed46cMqwZSPbzx8uyCyo=
github.com/Tangerg/scope/models/groq v0.44.0/go.mod h1:ZIB9UB3Tz+lmXKu4A2GvhLDL79EDD9j39lV/q6w7E3M=
github.com/Tangerg/scope/models/huggingface v0.44.0 h1:vw/6f0xS6GLgv8DGn6X+BUsrI7nN7DHRFW5uAFOlpy0=
github.com/Tangerg/scope/models/huggingface v0.44.0/go.mod h1:t3zcfZU2CQMckxJUZMQxkDlXI/oBwzUKXb2gYCHlOwM=
github.com/Tangerg/scope/models/minimax v0.44.0 h1:O9ov3Da1n8/NWJ7SCKvz1fx1SdQUncpus7SVIHpcGuY=
github.com/Tangerg/scope/models/minimax v0.44.0/go.mod h1:+pVONAAOPOYDSP8DVk9VC0oSSPUyP+BkXocyW7LPmLQ=
github.com/Tangerg/scope/models/mistral v0.44.0 h1:X+ka9VZXbJveT4+V5WUfZBAkQIdd8UaToMXc7r0o5WA=
github.com/Tangerg/scope/models/mistral v0.44.0/go.mod h1:nCIzkniBDPxN6inUFr3NOYav4jSWUJdsmh57Yw2Uu9E=
github.com/Tangerg/scope/models/moonshot v0.44.0 h1:KeYIryvyMhO5jy0TtbN4hOLBEtitxTUTl7fq4KQmDRw=
github.com/Tangerg/scope/models/moonshot v0.44.0/go.mod h1:dDSbDmX9uMK0aw3zVgxlZ/9/q088gW6cVR7v/EmFRhI=
github.com/Tangerg/scope/models/openai v0.44.0 h1:UR9D/DknC8yLpNpRyXPGCWszbEACOlMV0HSp21h+pS4=
github.com/Tangerg/scope/models/openai v0.44.0/go.mod h1:H8CLV0vVUx7RJauqejkjsnRI6uCMC3D0ETVgu05PJWU=
github.com/Tangerg/scope/models/openrouter v0.44.0 h1:0aqTnO8FfUGAmd7CqY+g1R3ulJDjVSpuPirUqLsujx0=
github.com/Tangerg/scope/models/openrouter v0.44.0/go.mod h1:35CRwzDYiMlS45/m1CWFEZ+UjFlDqvDFQxDdbExKYUs=
github.com/Tangerg/scope/models/perplexity v0.44.0 h1:fJPShW17uKShu5zYeDUrtxZIlbovq2ykKZdksfHDS/g=
github.com/Tangerg/scope/models/perplexity v0.44.0/go.mod h1:ogWjHeW+bYe46ZYBlxYSot461g4DZ0/M8Cya0ZTce1o=
github.com/Tangerg/scope/models/protocol/anthropic v0.44.0 h1:ip7+On8CSqxiCztfenR3Sk8Lhd0Kyt7ntzZVOi7015U=
github.com/Tangerg/scope/models/protocol/anthropic v0.44.0/go.mod h1:Ly3tp2QlpAUPv1ibaRcF4I1Rjr3ycUPkBvFKLS+64Wo=
github.com/Tangerg/scope/models/protocol/openai v0.44.0 h1:NJ1hjw9pEECiDbNMUtmFb9P8X8uBM8Gh6bH4cignaqo=
github.com/Tangerg/scope/models/protocol/openai v0.44.0/go.mod h1:+2sjuclzQJzYe+FgV2+iJaiAFb4fv8Q52yA+FW5LUek=
github.com/Tangerg/scope/models/together v0.44.0 h1:Co3WqwPdBoGK70L0vReq654878IBEnZJFksef1l3NNA=
github.com/Tangerg/scope/models/together v0.44.0/go.mod h1:L4fth4LdfAsWhFgkVBRdI7zN1KJKh+4tSTr8l9aYfAw=
github.com/Tangerg/scope/models/xai v0.44.0 h1:Ve2L43bYj2+765aQBD+jQnmTHEdCzrrdejsMGt44+ow=
github.com/Tangerg/scope/models/xai v0.44.0/go.mod h1:ghpIoOFKMNgDeAi+PHttsr4cm6hCdcj/I6OZ6KsTKf8=
github.com/Tangerg/scope/models/xiaomi v0.44.0 h1:n/kHiRuRQbSyypKbEFJEnElAbySIXfi8i0vuRe/Acrg=
github.com/Tangerg/scope/models/xiaomi v0.44.0/go.mod h1:AItZ3PL2hkpAHn4dkbYsgrwZw87tGU65CVD98t6V84s=
github.com/Tangerg/scope/models/zhipu v0.44.0 h1:ZLZn2AF3O7U5MJnwTsV3szcTsLUvxPBmRVxSl/xvlJ4=
github.com/Tangerg/scope/models/zhipu v0.44.0/go.mod h1:aDKQiLlatSBBsHnt+6TaZ12sAbTmQ72MTbNwwRY/nSk=
github.com/Tangerg/scope/otel v0.44.0 h1:6DyAynd7AXtTxS519jd9eizRyHNF++D75dYv9MbxrC4=
github.com/Tangerg/scope/otel v0.44.0/go.mod h1:77Femze6fm1UbbTAEQLPPNWMMYcq8feVK1l3acjX2f0=
github.com/Tangerg/scope/skills v0.44.0 h1:v4aDBwEQBIeGl9xWTScBsbz3j1HVWcvyNGKUcjXnNVE=
github.com/Tangerg/scope/skills v0.44.0/go.mod h1:a4VYCA47GzmuBzi5XCGjoztmvMxpnuMkQANpEYRgxEo=
github.com/Tangerg/scope/tools v0.44.0 h1:OXuM9hwxIL9Y5l16OU5ia1TqAS7R5rmisXc2LZHaFEo=
github.com/Tangerg/scope/tools v0.44.0/go.mod h1:kO9foK48tyDowZGM2VdEzact+IwN8CQRaubAmJO37Dg=
github.com/Tangerg/sse v0.0.6 h1:8/Sf/fI6uNQzFms7VKYt02fs9p/cmOJKJl1lYdljC6I=
github.com/Tangerg/sse v0.0.6/go.mod h1:+GPL/425WlIYRig6frpXeEk7GFYgcHaadIufk6pwe0I=
github.com/a2aproject/a2a-go/v2 v2.6.0 h1:QflB0gHxOP0o5quvA/h9EbYgfOsmRsSmFkeBYtKdwwk=
github.com/a2aproject/a2a-go/v2 v2.6.0/go.mod h1:rvFIb0sBJl2qmJRYU2fQxI6hhIQksmGGMEhT/uRwWww=
github.com/adrg/frontmatter v0.2.0 h1:/DgnNe82o03riBd1S+ZDjd43wAmC6W35q67NHeLkPd4=
github.com/adrg/frontmatter v0.2.0/go.mod h1:93rQCj3z3ZlwyxxpQioRKC1wDLto4aXHrbqIsnH9wmE=
github.com/alecthomas/assert/v2 v2.11.0 h1:2Q9r3ki8+JYXvGsDyBXwH3LcJ+WK5D0gc5E8vS6K3D0=
github.com/alecthomas/assert/v2 v2.11.0/go.mod h1:Bze95FyfUr7x34QZrjL+XP+0qgp/zg8yS+TtBj1WA3k=
github.com/alecthomas/chroma/v2 v2.27.0 h1:FodwmyOBgJULFYmDqibcp9pvfDLWdtPRh9v/r5BXYZs=
github.com/alecthomas/chroma/v2 v2.27.0/go.mod h1:NjJ3ciIgrqBNeIkWZ4e46nseoLDslxU1LmfCoL+wcY8=
github.com/alecthomas/repr v0.5.4 h1:OVP7JEcuzU9CCDsT6STCr3rg17oQfWILtPWd2EG0uN4=
github.com/alecthomas/repr v0.5.4/go.mod h1:Fr0507jx4eOXV7AlPV6AVZLYrLIuIeSOWtW57eE/O/4=
github.com/anthropics/anthropic-sdk-go v1.79.1 h1:R+DGl2fpI8mIg7OGjEEHpr1WN7HOja76sz89Z2DMcqk=
github.com/anthropics/anthropic-sdk-go v1.79.1/go.mod h1:x+lPk/cCl48uRegeP0hlYYBN1b7bEBTveInIMgLicnY=
github.com/bahlo/generic-list-go v0.2.0 h1:5sz/EEAK+ls5wF+NeqDpk5+iNdMDXrh3z3nPnH1Wvgk=
github.com/bahlo/generic-list-go v0.2.0/go.mod h1:2KvAjgMlE5NNynlg/5iLrrCCZ2+5xWbdbCW3pNTGyYg=
github.com/bluekeyes/go-gitdiff v0.9.0 h1:w+O6lkRBOqfGcwF0Lf6FFHQrhmxM0hCJW5+rbilGuSs=
github.com/bluekeyes/go-gitdiff v0.9.0/go.mod h1:WWAk1Mc6EgWarCrPFO+xeYlujPu98VuLW3Tu+B/85AE=
github.com/bmatcuk/doublestar/v4 v4.10.2 h1:eF7W7HWKg3z9NrWV9pTLnNeoXaqq3Tq9DNKXVMfoCnw=
github.com/bmatcuk/doublestar/v4 v4.10.2/go.mod h1:xBQ8jztBU6kakFMg+8WGxn0c6z1fTSPVIjEY1Wr7jzc=
github.com/buger/jsonparser v1.6.1 h1:I0phFv0PlbLHnM7TZAVjZ2MJ2/eWRTDyuO7GLR98IEs=
github.com/buger/jsonparser v1.6.1/go.mod h1:6RYKKt7H4d4+iWqouImQ9R2FZql3VbhNgx27UK13J/0=
github.com/cespare/xxhash/v2 v2.3.0 h1:UL815xU9SqsFlibzuggzjXhog7bL6oX9BbNZnL2UFvs=
github.com/cespare/xxhash/v2 v2.3.0/go.mod h1:VGX0DQ3Q6kWi7AoAeZDth3/j3BFtOZR5XLFGgcrjCOs=
github.com/clipperhouse/uax29/v2 v2.7.0 h1:+gs4oBZ2gPfVrKPthwbMzWZDaAFPGYK72F0NJv2v7Vk=
github.com/clipperhouse/uax29/v2 v2.7.0/go.mod h1:EFJ2TJMRUaplDxHKj1qAEhCtQPW2tJSwu5BF98AuoVM=
github.com/coder/websocket v1.8.15 h1:6B2JPeOGlpff2Uz6vOEH1Vzpi0iUz20A+lPVhPHtNUA=
github.com/coder/websocket v1.8.15/go.mod h1:NX3SzP+inril6yawo5CQXx8+fk145lPDC6pumgx0mVg=
github.com/cpuguy83/go-md2man/v2 v2.0.6/go.mod h1:oOW0eioCTA6cOiMLiUPZOpcVxMig6NIQQ7OS05n1F4g=
github.com/dlclark/regexp2 v1.12.0 h1:0j4c5qQmnC6XOWNjP3PIXURXN2gWx76rd3KvgdPkCz8=
github.com/dlclark/regexp2 v1.12.0/go.mod h1:DHkYz0B9wPfa6wondMfaivmHpzrQ3v9q8cnmRbL6yW8=
github.com/dlclark/regexp2/v2 v2.8.4 h1:yfDDXTn4oxyLDC10/ieOBNDCCdIVWS9WbT6ddVXsPKI=
github.com/dlclark/regexp2/v2 v2.8.4/go.mod h1:avUrQvPaLz2DrFNHJF0taWAFFX2C1GMSSoeiqFjcBmU=
github.com/dnaeon/go-vcr v1.2.0 h1:zHCHvJYTMh1N7xnV7zf1m1GPBF9Ad0Jk/whtQ1663qI=
github.com/dnaeon/go-vcr v1.2.0/go.mod h1:R4UdLID7HZT3taECzJs4YgbbH6PIGXB6W/sc5OLb6RQ=
github.com/dustin/go-humanize v1.1.0 h1:dbKTrvD0klcbBV/h4AWJdMuZogJACoMlvWIWZ5b2xWg=
github.com/dustin/go-humanize v1.1.0/go.mod h1:hc1CvRkJMsgxqjmjMQF3QNRAZBwY8AXBAzKYoSX9sFI=
github.com/felixge/httpsnoop v1.1.0 h1:3YtUj32ZZkqZtt3sZZsClsymw/QDuVfpNhoA31zeORc=
github.com/felixge/httpsnoop v1.1.0/go.mod h1:Zqxgdd+1Rkcz8euOqdr7lqgCRJztwr5hp9vDSi5UZCE=
github.com/frankban/quicktest v1.14.6 h1:7Xjx+VpznH+oBnejlPUj8oUpdxnVs4f8XU8WnHkI4W8=
github.com/frankban/quicktest v1.14.6/go.mod h1:4ptaffx2x8+WTWXmUCuVU6aPUX1/Mz7zb5vbUoiM6w0=
github.com/fsnotify/fsnotify v1.10.1 h1:b0/UzAf9yR5rhf3RPm9gf3ehBPpf0oZKIjtpKrx59Ho=
github.com/fsnotify/fsnotify v1.10.1/go.mod h1:TLheqan6HD6GBK6PrDWyDPBaEV8LspOxvPSjC+bVfgo=
github.com/go-chi/chi/v5 v5.3.2 h1:5YQkICvTCSZ25hoRsyJazN0scjzKGiu4VAUc7H1o1nY=
github.com/go-chi/chi/v5 v5.3.2/go.mod h1:R+tYY2hNuVUUjxoPtqUdgBqevM9s9njzkTLutVsOCto=
github.com/go-chi/cors v1.2.2 h1:Jmey33TE+b+rB7fT8MUy1u0I4L+NARQlK6LhzKPSyQE=
github.com/go-chi/cors v1.2.2/go.mod h1:sSbTewc+6wYHBBCW7ytsFSn836hqM7JxpglAy2Vzc58=
github.com/go-logr/logr v1.2.2/go.mod h1:jdQByPbusPIv2/zmleS9BjJVeZ6kBagPoEUsqbVz/1A=
github.com/go-logr/logr v1.4.4 h1:tG4xh9yMsRCAiodLVTxyrkzSZ9+o0L1Kg/+cPVcbP/8=
github.com/go-logr/logr v1.4.4/go.mod h1:9T104GzyrTigFIr8wt5mBrctHMim0Nb2HLGrmQ40KvY=
github.com/go-logr/stdr v1.2.2 h1:hSWxHoqTgW2S2qGc0LTAI563KZ5YKYRhT3MFKZMbjag=
github.com/go-logr/stdr v1.2.2/go.mod h1:mMo/vtBO5dYbehREoey6XUKy/eSumjCCveDpRre4VKE=
github.com/go-resty/resty/v2 v2.17.2 h1:FQW5oHYcIlkCNrMD2lloGScxcHJ0gkjshV3qcQAyHQk=
github.com/go-resty/resty/v2 v2.17.2/go.mod h1:kCKZ3wWmwJaNc7S29BRtUhJwy7iqmn+2mLtQrOyQlVA=
github.com/go-viper/mapstructure/v2 v2.5.0 h1:vM5IJoUAy3d7zRSVtIwQgBj7BiWtMPfmPEgAXnvj1Ro=
github.com/go-viper/mapstructure/v2 v2.5.0/go.mod h1:oJDH3BJKyqBA2TXFhDsKDGDTlndYOZ6rGS0BRZIxGhM=
github.com/golang-jwt/jwt/v5 v5.3.1 h1:kYf81DTWFe7t+1VvL7eS+jKFVWaUnK9cB1qbwn63YCY=
github.com/golang-jwt/jwt/v5 v5.3.1/go.mod h1:fxCRLWMO43lRc8nhHWY6LGqRcf+1gQWArsqaEUEa5bE=
github.com/golang/protobuf v1.5.4 h1:i7eJL8qZTpSEXOPTxNKhASYpMn+8e5Q6AdndVa1dWek=
github.com/golang/protobuf v1.5.4/go.mod h1:lnTiLA8Wa4RWRcIUkrtSVa5nRhsEGBg48fD6rSs7xps=
github.com/google/go-cmp v0.7.0 h1:wk8382ETsv4JYUZwIsn6YpYiWiBsYLSJiTsyBybVuN8=
github.com/google/go-cmp v0.7.0/go.mod h1:pXiqmnSA92OHEEa9HXL2W4E7lf9JzCmGVUdgjX3N/iU=
github.com/google/jsonschema-go v0.4.3 h1:/DBOLZTfDow7pe2GmaJNhltueGTtDKICi8V8p+DQPd0=
github.com/google/jsonschema-go v0.4.3/go.mod h1:r5quNTdLOYEz95Ru18zA0ydNbBuYoo9tgaYcxEYhJVE=
github.com/google/pprof v0.0.0-20261008003335-7bae8d8c4c9e h1:e+e5v2rfqKrd4lDA2n3azN3ludWyM2p+4MWob4EBlbk=
github.com/google/s2a-go v0.1.11 h1:7v1V1TraNGP63WptsAkNqr2w8jgm4vM6A6qx6Lsw9iM=
github.com/google/s2a-go v0.1.11/go.mod h1:pz4tyvwXvJLLbyrkh6FW1eS2zPUXMaTmyNhYtyP2tNw=
github.com/google/uuid v1.6.0 h1:NIvaJDMOsjHA8n1jAhLSgzrAzy1Hgr+hNrb57e+94F0=
github.com/google/uuid v1.6.0/go.mod h1:TIyPZe4MgqvfeYDBFedMoGGpEw/LqOeaOT+nhxU+yHo=
github.com/googleapis/enterprise-certificate-proxy v0.3.23 h1:J+VGF1wjAM2dU2kKUXZxJdDppRLReWP7KWcclfngQhc=
github.com/googleapis/enterprise-certificate-proxy v0.3.23/go.mod h1:Y8NO/15GNLkrXI3OR5xOFmeU3XLX1sLSdtlXgJ0zmIw=
github.com/googleapis/gax-go/v2 v2.26.2 h1:ydkmNXxj7bEmmeK5AihkKnWxyOyBR9TDebvp5L5izk8=
github.com/googleapis/gax-go/v2 v2.26.2/go.mod h1:sMKqnMesnKH+3wiRJROcttA+cJoZoGbZl1vDQ8XYtGk=
github.com/gorilla/websocket v1.5.3 h1:saDtZ6Pbx/0u+bgYQ3q96pZgCzfhKXGPqt7kZ72aNNg=
github.com/gorilla/websocket v1.5.3/go.mod h1:YR8l580nyteQvAITg2hZ9XVh4b55+EU/adAjf1fMHhE=
github.com/hashicorp/golang-lru/v2 v2.0.7 h1:a+bsQ5rvGLjzHuww6tVxozPZFVghXaHOwFs4luLUK2k=
github.com/hashicorp/golang-lru/v2 v2.0.7/go.mod h1:QeFd9opnmA6QUJc5vARoKUSoFhyfM2/ZepoAG6RGpeM=
github.com/hexops/gotextdiff v1.0.3 h1:gitA9+qJrrTCsiCl7+kh75nPqQt1cx4ZkudSTLoUqJM=
github.com/hexops/gotextdiff v1.0.3/go.mod h1:pSWU5MAI3yDq+fZBTazCSJysOMbxWL1BSow5/V2vxeg=
github.com/inconshreveable/mousetrap v1.1.0 h1:wN+x4NVGpMsO7ErUn/mUI3vEoE6Jt13X2s0bqwp9tc8=
github.com/inconshreveable/mousetrap v1.1.0/go.mod h1:vpF70FUmC8bwa3OWnCshd2FqLfsEA9PFc4w1p2J65bw=
github.com/invopop/jsonschema v0.14.0 h1:MHQqLhvpNUZfw+hM3AZDYK7jxO8FZoQeQM77g8iyZjg=
github.com/invopop/jsonschema v0.14.0/go.mod h1:ygm6C2EaVNMBDPpaPlnOA2pFAxBnxGjFlMZABxm9n2I=
github.com/kr/pretty v0.3.1 h1:flRD4NNwYAUpkphVc1HcthR4KEIFJ65n8Mw5qdRn3LE=
github.com/kr/pretty v0.3.1/go.mod h1:hoEshYVHaxMs3cyo3Yncou5ZscifuDolrwPKZanG3xk=
github.com/kr/text v0.2.0 h1:5Nx0Ya0ZqY2ygV366QzturHI13Jq95ApcVaJBhpS+AY=
github.com/kr/text v0.2.0/go.mod h1:eLer722TekiGuMkidMxC/pM04lWEeraHUUmBw8l2grE=
github.com/mattn/go-isatty v0.0.24 h1:tGZZoVgT/KiqK1c8ocVLeDS8BSWMRd47J3Lbz7vsReI=
github.com/mattn/go-isatty v0.0.24/go.mod h1:nMCL3Zebbrt45jsMDgnfIwz6ydEQApk5oEI3HqDio6A=
github.com/mattn/go-runewidth v0.0.31 h1:1oCV4ReTlosDBc6rYRw5cL8S/4y8iv5oRl4SJ5IBgwo=
github.com/mattn/go-runewidth v0.0.31/go.mod h1:3qAiGCV4Koz/yuveO58qUefmUTRm8r0IGEXZ9jeHp/8=
github.com/mattn/go-shellwords v1.0.16 h1:RRxAaRzU1YbzOSCj9NJqg2/VIbSWv0dnPoD3EwE8kxI=
github.com/mattn/go-shellwords v1.0.16/go.mod h1:EZzvwXDESEeg03EKmM+RmDnNOPKG4lLtQsUlTZDWQ8Y=
github.com/ncruces/go-strftime v1.1.0 h1:vtPmPWMkb539RGV9WpWT9EwJGvrOCKvMNI4obWL47Hk=
github.com/ncruces/go-strftime v1.1.0/go.mod h1:yVaq7iwCN09vHRrKBrrflXT0M9tTMG2KmZ9Fj7xeG/g=
github.com/openai/openai-go/v3 v3.73.0 h1:rUaqo/zmTu5QmHplmTZ5NwXkERHMA4WwVwdQF6dYEak=
github.com/openai/openai-go/v3 v3.73.0/go.mod h1:+dSPa+nbX+dNoXg1jecMnVpgRP+E/5IBA6Jiz9Pc8WM=
github.com/pb33f/go-yaml v0.1.1 h1:yWGmhVdwzionRnSc/hEJwcfq6PaZL2QdYzyReXBbX7Q=
github.com/pb33f/go-yaml v0.1.1/go.mod h1:QvWdkHP5VjFYAeHMQUkaPQqREaQnBNOXmWzAjNrnSdo=
github.com/pb33f/ordered-map/v2 v2.3.2 h1:wDyaZ2Pv9QLh64X4utCeD5Zoi9nIv2aW3lwv172O5PQ=
github.com/pb33f/ordered-map/v2 v2.3.2/go.mod h1:1OhFrXu3OYw3kM+FXF+Ug3ugmmZ9LE8z0JfQMLvtV0w=
github.com/pelletier/go-toml/v2 v2.4.3 h1:GTRvJQutkOSftxIFD5xw9aepkYNuPWmVJpffdDPYVpY=
github.com/pelletier/go-toml/v2 v2.4.3/go.mod h1:2gIqNv+qfxSVS7cM2xJQKtLSTLUE9V8t9Stt+h56mCY=
github.com/remyoudompheng/bigfft v0.0.0-20230129092748-24d4a6f8daec h1:W09IVJc94icq4NjY3clb7Lk8O1qJ8BdBEF8z0ibU0rE=
github.com/remyoudompheng/bigfft v0.0.0-20230129092748-24d4a6f8daec/go.mod h1:qqbHyh8v60DhA7CoWK5oRCqLrMHRGoxYCSS9EjAz6Eo=
github.com/rivo/uniseg v0.4.7 h1:WUdvkW8uEhrYfLC4ZzdpI2ztxP1I582+49Oc5Mq64VQ=
github.com/rivo/uniseg v0.4.7/go.mod h1:FN3SvrM+Zdj16jyLfmOkMNblXMcoc8DfTHruCPUcx88=
github.com/robfig/cron/v3 v3.0.1 h1:WdRxkvbJztn8LMz/QEvLN5sBU+xKpSqwwUO1Pjr4qDs=
github.com/robfig/cron/v3 v3.0.1/go.mod h1:eQICP3HwyT7UooqI/z+Ov+PtYAWygg1TEWWzGIFLtro=
github.com/rogpeppe/go-internal v1.16.0 h1:O9DK+vNMDVGLr2BeZqmpLeMjiMNkuXfcqntWbZV6S5g=
github.com/rogpeppe/go-internal v1.16.0/go.mod h1:DrUVZyrJU+txYW5/1kwtXQSMFio52ZOxX7yM1VHvnxs=
github.com/russross/blackfriday/v2 v2.1.0/go.mod h1:+Rmxgy9KzJVeS9/2gXHxylqXiyQDYRxCVz55jmeOWTM=
github.com/sagikazarmark/locafero v0.12.0 h1:/NQhBAkUb4+fH1jivKHWusDYFjMOOKU88eegjfxfHb4=
github.com/sagikazarmark/locafero v0.12.0/go.mod h1:sZh36u/YSZ918v0Io+U9ogLYQJ9tLLBmM4eneO6WwsI=
github.com/samber/lo v1.53.0 h1:t975lj2py4kJPQ6haz1QMgtId2gtmfktACxIXArw3HM=
github.com/samber/lo v1.53.0/go.mod h1:4+MXEGsJzbKGaUEQFKBq2xtfuznW9oz/WrgyzMzRoM0=
github.com/santhosh-tekuri/jsonschema/v6 v6.0.3 h1:1EYB5IzjZawrrnELUi78f9fPu57HuXjmddZPjrls/28=
github.com/santhosh-tekuri/jsonschema/v6 v6.0.3/go.mod h1:JXeL+ps8p7/KNMjDQk3TCwPpBy0wYklyWTfbkIzdIFU=
github.com/segmentio/asm v1.2.1 h1:DTNbBqs57ioxAD4PrArqftgypG4/qNpXoJx8TVXxPR0=
github.com/segmentio/asm v1.2.1/go.mod h1:BqMnlJP91P8d+4ibuonYZw9mfnzI9HfxselHZr5aAcs=
github.com/segmentio/encoding v0.5.4 h1:OW1VRern8Nw6ITAtwSZ7Idrl3MXCFwXHPgqESYfvNt0=
github.com/segmentio/encoding v0.5.4/go.mod h1:HS1ZKa3kSN32ZHVZ7ZLPLXWvOVIiZtyJnO1gPH1sKt0=
github.com/sourcegraph/jsonrpc2 v0.2.3 h1:0VYp5WZ2irQvRK8OKKxZAbbplj6Pmda07MXm+Mdz3GQ=
github.com/sourcegraph/jsonrpc2 v0.2.3/go.mod h1:0jBvyko0tdLpe6ntNSF/mvFalb/RPRXcmogoV47cEWc=
github.com/spf13/afero v1.15.0 h1:b/YBCLWAJdFWJTN9cLhiXXcD7mzKn9Dm86dNnfyQw1I=
github.com/spf13/afero v1.15.0/go.mod h1:NC2ByUVxtQs4b3sIUphxK0NioZnmxgyCrfzeuq8lxMg=
github.com/spf13/cast v1.10.0 h1:h2x0u2shc1QuLHfxi+cTJvs30+ZAHOGRic8uyGTDWxY=
github.com/spf13/cast v1.10.0/go.mod h1:jNfB8QC9IA6ZuY2ZjDp0KtFO2LZZlg4S/7bzP6qqeHo=
github.com/spf13/cobra v1.10.2 h1:DMTTonx5m65Ic0GOoRY2c16WCbHxOOw6xxezuLaBpcU=
github.com/spf13/cobra v1.10.2/go.mod h1:7C1pvHqHw5A4vrJfjNwvOdzYu0Gml16OCs2GRiTUUS4=
github.com/spf13/fileflow v0.1.0 h1:Mg6q16Sdderp19ki/4TQNb6MeA/fA1vnwixmzIVm0bE=
github.com/spf13/fileflow v0.1.0/go.mod h1:Nw39c9r4kkqJAP5dcoXjhBkWugFuFb8s00V3+MBddmo=
github.com/spf13/pathologize v1.1.0 h1:ByNoCEj7iPpZeZ2dUv52ky5TnfJv5IpNLilpaiAAW3I=
github.com/spf13/pathologize v1.1.0/go.mod h1:CwE+2y5kdp5EBv1kxhXujQo2SrY0s+rYAM02KluGFEs=
github.com/spf13/pflag v1.0.9/go.mod h1:McXfInJRrz4CZXVZOBLb0bTZqETkiAhM9Iw0y3An2Bg=
github.com/spf13/pflag v1.0.10 h1:4EBh2KAYBwaONj6b2Ye1GiHfwjqyROoF4RwYO+vPwFk=
github.com/spf13/pflag v1.0.10/go.mod h1:McXfInJRrz4CZXVZOBLb0bTZqETkiAhM9Iw0y3An2Bg=
github.com/spf13/viper v1.21.0 h1:x5S+0EU27Lbphp4UKm1C+1oQO+rKx36vfCoaVebLFSU=
github.com/spf13/viper v1.21.0/go.mod h1:P0lhsswPGWD/1lZJ9ny3fYnVqxiegrlNrEmgLjbTCAY=
github.com/standard-webhooks/standard-webhooks/libraries v0.0.1 h1:uOfcYT+3QungH6tIGSVCR/Y3KJmgJiHcojJbMTPDZAI=
github.com/standard-webhooks/standard-webhooks/libraries v0.0.1/go.mod h1:L1MQhA6x4dn9r007T033lsaZMv9EmBAdXyU/+EF40fo=
github.com/stretchr/testify v1.12.1 h1:EuwCh5fleGS7H32xRwO3wRGT7DxrDhLAT6FF8MpWDWE=
github.com/stretchr/testify v1.12.1/go.mod h1:MDEgiDPPsNp5cuIrHPPCyornHKgEVbtFUmoNlxoYthg=
github.com/subosito/gotenv v1.6.0 h1:9NlTDc1FTs4qu0DDq7AEtTPNw6SVm7uBMsUCUjABIf8=
github.com/subosito/gotenv v1.6.0/go.mod h1:Dk4QP5c2W3ibzajGcXpNraDfq2IrhjMIvMSWPKKo0FU=
github.com/tidwall/gjson v1.14.2/go.mod h1:/wbyibRr2FHMks5tjHJ5F8dMZh3AcwJEMf5vlfC0lxk=
github.com/tidwall/gjson v1.20.0 h1:+agJ3rEzKcCXKDKo0ml26UROcpcAlnZyjq+TjbY5Fto=
github.com/tidwall/gjson v1.20.0/go.mod h1:V37/opeE/JbLUOfH0QTXiNez2l0RUjYUhpT4szFQAfc=
github.com/tidwall/match v1.1.1/go.mod h1:eRSPERbgtNPcGhD8UCthc6PmLEQXEWd3PRB5JTxsfmM=
github.com/tidwall/match v1.2.0 h1:0pt8FlkOwjN2fPt4bIl4BoNxb98gGHN2ObFEDkrfZnM=
github.com/tidwall/match v1.2.0/go.mod h1:eRSPERbgtNPcGhD8UCthc6PmLEQXEWd3PRB5JTxsfmM=
github.com/tidwall/pretty v1.2.0/go.mod h1:ITEVvHYasfjBbM0u2Pg8T2nJnzm8xPwvNhhsoaGGjNU=
github.com/tidwall/pretty v1.2.2 h1:dz1jrRuE7or/74V490B4/GP1pZm5WKlt2bgCP5A83w8=
github.com/tidwall/pretty v1.2.2/go.mod h1:ITEVvHYasfjBbM0u2Pg8T2nJnzm8xPwvNhhsoaGGjNU=
github.com/tidwall/sjson v1.2.5 h1:kLy8mja+1c9jlljvWTlSazM7cKDRfJuR/bOJhcY5NcY=
github.com/tidwall/sjson v1.2.5/go.mod h1:Fvgq9kS/6ociJEDnK0Fk1cpYF4FIW6ZF7LAe+6jwd28=
github.com/yosida95/uritemplate/v3 v3.0.2 h1:Ed3Oyj9yrmi9087+NczuL5BwkIc4wvTb5zIM+UJPGz4=
github.com/yosida95/uritemplate/v3 v3.0.2/go.mod h1:ILOh0sOhIJR3+L/8afwt/kE++YT040gmv5BQTMR2HP4=
github.com/yuin/goldmark v1.8.6 h1:d0VcaP1sx9GkFVkoW+KtggpGi2KZ965i14b0+bDQST4=
github.com/yuin/goldmark v1.8.6/go.mod h1:ip/1k0VRfGynBgxOz0yCqHrbZXhcjxyuS66Brc7iBKg=
go.opentelemetry.io/auto/sdk v1.2.1 h1:jXsnJ4Lmnqd11kwkBV2LgLoFMZKizbCi5fNZ/ipaZ64=
go.opentelemetry.io/auto/sdk v1.2.1/go.mod h1:KRTj+aOaElaLi+wW1kO/DZRXwkF4C5xPbEe3ZiIhN7Y=
go.opentelemetry.io/contrib/instrumentation/net/http/otelhttp v0.72.0 h1:LxwW/9ctSCv+QkE/cLR7M91ZIkXNMqJtEMi1vCw9U8s=
go.opentelemetry.io/contrib/instrumentation/net/http/otelhttp v0.72.0/go.mod h1:tOsftB4SslBwwErVEPaenU2RpThXWPIU8DoJHEC4dyw=
go.opentelemetry.io/otel v1.47.0 h1:j7ALJ/zgkS7Z6aeJW09p8VC9804bC+PpeTfCD4XPnOM=
go.opentelemetry.io/otel v1.47.0/go.mod h1:8wS9O2qfXrYrzp6hIF/HOYJJf/wIhFPhR2xLuP+iXQU=
go.opentelemetry.io/otel/log v1.47.0 h1:cOTS1CcLbSQeZKanGJ+0JpF/+t4PELi3O3bbl2lqCcI=
go.opentelemetry.io/otel/log v1.47.0/go.mod h1:9byitSQ5pLC6PpqwGXjqdMKya6ZTswHRZh2vvXT33nw=
go.opentelemetry.io/otel/metric v1.47.0 h1:4PptaldXx3Eat1XjMZ68pPJEs5wrhlemctZE9a3UdWY=
go.opentelemetry.io/otel/metric v1.47.0/go.mod h1:ADGSXxRrXM6bjbvLo535EstVFlPpPYZm4LBKixjDHwU=
go.opentelemetry.io/otel/sdk v1.47.0 h1:zWXEr4j2lFefG87TU6Yg8a7ngfohIKFZHKp0Hf5hC6I=
go.opentelemetry.io/otel/sdk v1.47.0/go.mod h1:VUc24kiOeoGsxG8G9ULx3fWKvB7jMhnGE8Oi607lgR0=
go.opentelemetry.io/otel/sdk/metric v1.47.0 h1:lfISg2j93VT6yqdk9OfUaZmw/GfcZqCCV3jdXtsPnKw=
go.opentelemetry.io/otel/sdk/metric v1.47.0/go.mod h1:ypLp+mW1Nt2x+Szt3b5/i1syodyts49lMOwxpDI3VGw=
go.opentelemetry.io/otel/trace v1.47.0 h1:JOjX/Oci8K94QHddo+bbfya/Ai/nf6/dt9ZfrFNWSrM=
go.opentelemetry.io/otel/trace v1.47.0/go.mod h1:jNaSLa2PZEYFG6fRjJABAu+bw4FS08uDmPg28lTghu0=
go.uber.org/goleak v1.3.0 h1:2K3zAYmnTNqV73imy9J1T3WC+gmCePx2hEGkimedGto=
go.uber.org/goleak v1.3.0/go.mod h1:CoHD4mav9JJNrW/WLlf7HGZPjdw8EucARQHekz1X6bE=
go.yaml.in/yaml/v3 v3.0.4/go.mod h1:DhzuOOF2ATzADvBadXxruRBLzYTpT36CKvDb3+aBEFg=
go.yaml.in/yaml/v3 v3.0.5 h1:N6y/pJk8buWs9NY5ERU2HSMfm+IuD/OtfdAnq6kESPw=
go.yaml.in/yaml/v3 v3.0.5/go.mod h1:HVTZu1O7/Vkt2N+BFy8Zza+lnLsABggaTM2ZpNIGuKg=
go.yaml.in/yaml/v4 v4.0.0-rc.6 h1:1h7H1ohdUh93/FyE4YaDa1Zh64K6VVbjF4K6WUxMtH4=
go.yaml.in/yaml/v4 v4.0.0-rc.6/go.mod h1:aZqd9kCMsGL7AuUv/m/PvWLdg5sjJsZ4oHDEnfPPfY0=
golang.org/x/crypto v0.57.0 h1:3ZVCjf8Ggz7zneR/EHRVx68Ctf+2pmIMP2UFhh9cC6M=
golang.org/x/crypto v0.57.0/go.mod h1:Fdz0i5U6CoizGwLda9DttjSk6qlZo25zYNtR+ycvuZA=
golang.org/x/image v0.46.0 h1:b1+oYj0Jbp6K5MDT4i4/eZpYlk3V8SJhhDKh6LBHAyQ=
golang.org/x/image v0.46.0/go.mod h1:3B3W05VGVQyuXucLINLjXKrqISASfi4Xj+iCVkLMwew=
golang.org/x/mod v0.41.0 h1:qJmnOUb4YB+FsEuM3HcWucdZASCPGhsX6uljO6pog0c=
golang.org/x/mod v0.41.0/go.mod h1:Ek9pY8RKWXwsWvd3rQiHYtMqkjSUV+s1Rj7j4H5Ur6o=
golang.org/x/net v0.59.0 h1:5zfYln+w5XCxwrnMMJPufRgNoXEaGxl0wo5GqPXyues=
golang.org/x/net v0.59.0/go.mod h1:2DA/G1UfVbCpQPeWTmMPGY7Cs2PkBkwu743bVX5PIVg=
golang.org/x/oauth2 v0.37.0 h1:JUlcxA8oAtauLfiH8FX2/FkAWHAdi0QtGCGc+hofE98=
golang.org/x/oauth2 v0.37.0/go.mod h1:IxwZNxUULJmpBFf9K/9NTMSIfZZuvuTy1gGxhigP/58=
golang.org/x/sync v0.23.0 h1:KameEIfc1IkluZyXWLn39Wd4tURc6GbCiISGiZm2bQk=
golang.org/x/sync v0.23.0/go.mod h1:sUUOizhqBxiL6pEWpqNLUiaJn1ShEbZ6BBqskPbjZm0=
golang.org/x/sys v0.48.0 h1:bbX/i/6MgT9BVLM9RT1thmxL04yeTAhbEz4SyadbXoo=
golang.org/x/sys v0.48.0/go.mod h1:hNLxWAXmnKAxqDtdwIYC4bM9oQPEecfsnNMuSxOs3og=
golang.org/x/term v0.46.0 h1:3+OXuTbaKDgwk8jTi3aSLHRlmWqHEUDUtxnbFigO4YE=
golang.org/x/term v0.46.0/go.mod h1:+K02xbkittuwc0Am4abfA3Fc+XRGXkvBXNO88NCXPoc=
golang.org/x/text v0.42.0 h1:JbOZXgfeCPU9gacVtYliJqOhD+zhrEqK4LfdpmlUZqI=
golang.org/x/text v0.42.0/go.mod h1:ojzP1Z+2QtioaF8DTtO8K5q7JWVVYwZKenzujK0Zd0E=
golang.org/x/time v0.16.0 h1:vMb6ptszcQMkcwiRTAuNNU50gom6++Q/6gY2hDM6VDE=
golang.org/x/time v0.16.0/go.mod h1:rVKOqvZeKvrDKTQiAHJ7wmwP0RzleSphoEA9RcdLA0s=
golang.org/x/tools v0.51.0 h1:k4Xc/1Om9jwkBJBo4NVLMSARBoWtK10mx+W5BnXCeAI=
gonum.org/v1/gonum v0.17.0 h1:VbpOemQlsSMrYmn7T2OUvQ4dqxQXU+ouZFQsZOx50z4=
gonum.org/v1/gonum v0.17.0/go.mod h1:El3tOrEuMpv2UdMrbNlKEh9vd86bmQ6vqIcDwxEOc1E=
google.golang.org/api v0.301.0 h1:rTvI8szs17R7b09ggb34Bv4XrmFaFl9uCBncgxskqtw=
google.golang.org/api v0.301.0/go.mod h1:gGUTaOjgsaG/KNyyW1tFO+DSFm3EJw4BwyehlcmDCXs=
google.golang.org/genai v1.73.0 h1:QiB89pqDl5xm3fUcY2QTvyQ2kQzSeDuKd3E7vyod8BI=
google.golang.org/genai v1.73.0/go.mod h1:2j40fGpqPPIZNjaDKmjGGjYwCJi6Nm2ofmyP65GnqtY=
google.golang.org/genproto v0.0.0-20261005182115-fad411399dd8 h1:19ViM1+Odqvg4xpcB+8U1fTpy23WB3sMMyR3LSsJUpI=
google.golang.org/genproto/googleapis/api v0.0.0-20261005182115-fad411399dd8 h1:cFbkNigDInw+wVTXc+CyhUsoHGJCw0BR6mlNoRVfre0=
google.golang.org/genproto/googleapis/rpc v0.0.0-20261005182115-fad411399dd8 h1:0SXBqli5dnuCKMjI/X3FM226zEaEa0GUcSCJtN1vL2o=
google.golang.org/genproto/googleapis/rpc v0.0.0-20261005182115-fad411399dd8/go.mod h1:OaIUM3+LpYcK2GXM4FTmhWoIq371Owdr+Cc7/BsYHHc=
google.golang.org/grpc v1.84.0 h1:soMyaPJ8pAak5PIQ0DGBUir0XRo2fRoMqhNWMLlLxO0=
google.golang.org/grpc v1.84.0/go.mod h1:ljCht0DrxQrXBDRTZp52Qxh3Ffk8CdYm2sj4O2QN2C0=
google.golang.org/protobuf v1.36.12 h1:pJOKDDOyeXErUroCihFAd5LQuwXBSpVnKGrj5o/fwxc=
google.golang.org/protobuf v1.36.12/go.mod h1:HTf+CrKn2C3g5S8VImy6tdcUvCska2kB7j23XfzDpco=
gopkg.in/check.v1 v0.0.0-20161208181325-20d25e280405/go.mod h1:Co6ibVJAznAaIkqp8huTwlJQCZ016jof/cbN4VW5Yz0=
gopkg.in/check.v1 v1.0.0-20201130134442-10cb98267c6c h1:Hei/4ADfdWqJk1ZMxUNpqntNwaWcugrBjAiHlqqRiVk=
gopkg.in/check.v1 v1.0.0-20201130134442-10cb98267c6c/go.mod h1:JHkPIbrfpd72SG/EVd6muEfDQjcINNoR0C8j2r3qZ4Q=
gopkg.in/yaml.v2 v2.3.0/go.mod h1:hI93XBmqTisBFMUTm0b8Fm+jr3Dg1NNxqwp+5A1VGuI=
gopkg.in/yaml.v2 v2.4.0 h1:D8xgwECY7CYvx+Y2n4sBz93Jn9JRvxdiyyo8CTfuKaY=
gopkg.in/yaml.v2 v2.4.0/go.mod h1:RDklbk79AGWmwhnvt/jBztapEOGDOx6ZbXqjP6csGnQ=
gopkg.in/yaml.v3 v3.0.1 h1:fxVm/GzAzEWqLHuvctI91KS9hhNmmWOoWu0XTYJS7CA=
gopkg.in/yaml.v3 v3.0.1/go.mod h1:K4uyk7z7BCEPqu6E+C64Yfv1cQ7kz7rIZviUmN+EgEM=
modernc.org/cc/v4 v4.29.7 h1:q+NXGJ0bK3b4TXFYQQVr9pYETGnmwFWkrUzJnMya/Tg=
modernc.org/cc/v4 v4.29.7/go.mod h1:OnovgIhbbMXMu1aISnJ0wvVD1KnW+cAUJkIrAWh+kVI=
modernc.org/ccgo/v4 v4.36.1 h1:ZNIUZAryN0UgnJwtyxrdEzcFc3yD4Cu4AzjfPXsLsIE=
modernc.org/ccgo/v4 v4.36.1/go.mod h1:rrtGc2QkS239nYb/mQNuBMyjq3/y3ZXWbBjPoV3wqzA=
modernc.org/fileutil v1.4.0 h1:j6ZzNTftVS054gi281TyLjHPp6CPHr2KCxEXjEbD6SM=
modernc.org/fileutil v1.4.0/go.mod h1:EqdKFDxiByqxLk8ozOxObDSfcVOv/54xDs/DUHdvCUU=
modernc.org/gc/v2 v2.6.5 h1:nyqdV8q46KvTpZlsw66kWqwXRHdjIlJOhG6kxiV/9xI=
modernc.org/gc/v2 v2.6.5/go.mod h1:YgIahr1ypgfe7chRuJi2gD7DBQiKSLMPgBQe9oIiito=
modernc.org/gc/v3 v3.1.5 h1:21ldfPfRYE31Tb7B3mwAK8gy1AxP4+dKjrOQPfqakoc=
modernc.org/gc/v3 v3.1.5/go.mod h1:HFK/6AGESC7Ex+EZJhJ2Gni6cTaYpSMmU/cT9RmlfYY=
modernc.org/goabi0 v0.2.0 h1:HvEowk7LxcPd0eq6mVOAEMai46V+i7Jrj13t4AzuNks=
modernc.org/goabi0 v0.2.0/go.mod h1:CEFRnnJhKvWT1c1JTI3Avm+tgOWbkOu5oPA8eH8LnMI=
modernc.org/libc v1.77.1 h1:Ct8j47QtiZ1Enj2DtFXQtUqrPCAjdCmPjtCuvrYQ0Hs=
modernc.org/libc v1.77.1/go.mod h1:87/pZ4L6nD1zqW4nItuS12YO7hN1igAah34xjnQo/W0=
modernc.org/mathutil v1.7.1 h1:GCZVGXdaN8gTqB1Mf/usp1Y/hSqgI2vAGGP4jZMCxOU=
modernc.org/mathutil v1.7.1/go.mod h1:4p5IwJITfppl0G4sUEDtCr4DthTaT47/N3aT6MhfgJg=
modernc.org/memory v1.12.1 h1:nFMiWrpStgZczNl6XI9GnIk/rWhYIyHGUaR04pGbp9g=
modernc.org/memory v1.12.1/go.mod h1:/JP4VbVC+K5sU2wZi9bHoq2MAkCnrt2r98UGeSK7Mjw=
modernc.org/opt v0.2.0 h1:tGyef5ApycA7FSEOMraay9SaTk5zmbx7Tu+cJs4QKZg=
modernc.org/opt v0.2.0/go.mod h1:03fq9lsNfvkYSfxrfUhZCWPk1lm4cq4N+Bh//bEtgns=
modernc.org/sortutil v1.2.1 h1:+xyoGf15mM3NMlPDnFqrteY07klSFxLElE2PVuWIJ7w=
modernc.org/sortutil v1.2.1/go.mod h1:7ZI3a3REbai7gzCLcotuw9AC4VZVpYMjDzETGsSMqJE=
modernc.org/sqlite v1.60.1 h1:/blz53O951KWFOso4QQvEs/Fq6cDBKLtMVrYNSeJVKw=
modernc.org/sqlite v1.60.1/go.mod h1:1dIoEagfDE72QytD5scH1lxARtaUgKgHC/NuApA27r0=
modernc.org/strutil v1.2.1 h1:UneZBkQA+DX2Rp35KcM69cSsNES9ly8mQWD71HKlOA0=
modernc.org/strutil v1.2.1/go.mod h1:EHkiggD70koQxjVdSBM3JKM7k6L0FbGE5eymy9i3B9A=
modernc.org/token v1.1.0 h1:Xl7Ap9dKaEs5kLoOQeQmPWevfnk/DM5qcLcYlA8ys6Y=
modernc.org/token v1.1.0/go.mod h1:UGzOrNV1mAFSEB63lOFHIpNRUVMvYTc6yu1SMY/XTDM=
